// !$*UTF8*$!
{
	archiveVersion = 1;
	classes = {
	};
	objectVersion = 46;
	objects = {

/* Begin PBXBuildFile section */
		30A77E801BFB091100503E6E /* CoreAudio.framework in Frameworks */ = {isa = PBXBuildFile; fileRef = 30A77E7F1BFB091100503E6E /* CoreAudio.framework */; };
		30A77E821BFB091700503E6E /* Cocoa.framework in Frameworks */ = {isa = PBXBuildFile; fileRef = 30A77E811BFB091700503E6E /* Cocoa.framework */; };
		30A77E841BFB092200503E6E /* Security.framework in Frameworks */ = {isa = PBXBuildFile; fileRef = 30A77E831BFB092200503E6E /* Security.framework */; };
		30A77E861BFB092B00503E6E /* QuartzCore.framework in Frameworks */ = {isa = PBXBuildFile; fileRef = 30A77E851BFB092B00503E6E /* QuartzCore.framework */; };
		30A77E881BFB093A00503E6E /* IOKit.framework in Frameworks */ = {isa = PBXBuildFile; fileRef = 30A77E871BFB093A00503E6E /* IOKit.framework */; };
		30A77E8A1BFB094700503E6E /* AudioToolbox.framework in Frameworks */ = {isa = PBXBuildFile; fileRef = 30A77E891BFB094700503E6E /* AudioToolbox.framework */; };
		30A77E8C1BFB094F00503E6E /* AudioUnit.framework in Frameworks */ = {isa = PBXBuildFile; fileRef = 30A77E8B1BFB094F00503E6E /* AudioUnit.framework */; };
		C7E49B3F727A9657BBC43E9B /* Pods_eqMac2.framework in Frameworks */ = {isa = PBXBuildFile; fileRef = CB898D1CC464E56A965D8E4A /* Pods_eqMac2.framework */; };
		E07BF4B51D6B4BA400589F0C /* WebKit.framework in Frameworks */ = {isa = PBXBuildFile; fileRef = E07BF4B41D6B4BA400589F0C /* WebKit.framework */; };
		E0B0A7E61EA023F800D2BB98 /* Carbon.framework in Frameworks */ = {isa = PBXBuildFile; fileRef = E0B0A7E51EA023F800D2BB98 /* Carbon.framework */; };
		E0B5F08F1F25EEE4005C5F46 /* exitDark.png in Resources */ = {isa = PBXBuildFile; fileRef = E0B5F07D1F25EEE4005C5F46 /* exitDark.png */; };
		E0B5F0901F25EEE4005C5F46 /* exitLight.png in Resources */ = {isa = PBXBuildFile; fileRef = E0B5F07E1F25EEE4005C5F46 /* exitLight.png */; };
		E0B5F0911F25EEE4005C5F46 /* saveDark.png in Resources */ = {isa = PBXBuildFile; fileRef = E0B5F07F1F25EEE4005C5F46 /* saveDark.png */; };
		E0B5F0921F25EEE4005C5F46 /* saveLight.png in Resources */ = {isa = PBXBuildFile; fileRef = E0B5F0801F25EEE4005C5F46 /* saveLight.png */; };
		E0B5F0931F25EEE4005C5F46 /* speakerDark.png in Resources */ = {isa = PBXBuildFile; fileRef = E0B5F0811F25EEE4005C5F46 /* speakerDark.png */; };
		E0B5F0941F25EEE4005C5F46 /* speakerLight.png in Resources */ = {isa = PBXBuildFile; fileRef = E0B5F0821F25EEE4005C5F46 /* speakerLight.png */; };
		E0B5F0951F25EEE4005C5F46 /* statusItemDark.png in Resources */ = {isa = PBXBuildFile; fileRef = E0B5F0831F25EEE4005C5F46 /* statusItemDark.png */; };
		E0B5F0961F25EEE4005C5F46 /* statusItemLight.png in Resources */ = {isa = PBXBuildFile; fileRef = E0B5F0841F25EEE4005C5F46 /* statusItemLight.png */; };
		E0B5F0971F25EEE4005C5F46 /* deleteDark.png in Resources */ = {isa = PBXBuildFile; fileRef = E0B5F0851F25EEE4005C5F46 /* deleteDark.png */; };
		E0B5F0981F25EEE4005C5F46 /* deleteLight.png in Resources */ = {isa = PBXBuildFile; fileRef = E0B5F0861F25EEE4005C5F46 /* deleteLight.png */; };
		E0B5F0991F25EEE4005C5F46 /* vol1Dark.png in Resources */ = {isa = PBXBuildFile; fileRef = E0B5F0871F25EEE4005C5F46 /* vol1Dark.png */; };
		E0B5F09A1F25EEE4005C5F46 /* vol1Light.png in Resources */ = {isa = PBXBuildFile; fileRef = E0B5F0881F25EEE4005C5F46 /* vol1Light.png */; };
		E0B5F09B1F25EEE4005C5F46 /* vol2Dark.png in Resources */ = {isa = PBXBuildFile; fileRef = E0B5F0891F25EEE4005C5F46 /* vol2Dark.png */; };
		E0B5F09C1F25EEE4005C5F46 /* vol2Light.png in Resources */ = {isa = PBXBuildFile; fileRef = E0B5F08A1F25EEE4005C5F46 /* vol2Light.png */; };
		E0B5F09D1F25EEE4005C5F46 /* vol3Dark.png in Resources */ = {isa = PBXBuildFile; fileRef = E0B5F08B1F25EEE4005C5F46 /* vol3Dark.png */; };
		E0B5F09E1F25EEE4005C5F46 /* vol3Light.png in Resources */ = {isa = PBXBuildFile; fileRef = E0B5F08C1F25EEE4005C5F46 /* vol3Light.png */; };
		E0B5F09F1F25EEE4005C5F46 /* vol4Dark.png in Resources */ = {isa = PBXBuildFile; fileRef = E0B5F08D1F25EEE4005C5F46 /* vol4Dark.png */; };
		E0B5F0A01F25EEE4005C5F46 /* vol4Light.png in Resources */ = {isa = PBXBuildFile; fileRef = E0B5F08E1F25EEE4005C5F46 /* vol4Light.png */; };
		E0B7814D1EF704660076B3AB /* API.m in Sources */ = {isa = PBXBuildFile; fileRef = E0B7812C1EF704660076B3AB /* API.m */; };
		E0B7814E1EF704660076B3AB /* Constants.m in Sources */ = {isa = PBXBuildFile; fileRef = E0B7812F1EF704660076B3AB /* Constants.m */; };
		E0B7814F1EF704660076B3AB /* Devices.mm in Sources */ = {isa = PBXBuildFile; fileRef = E0B781321EF704660076B3AB /* Devices.mm */; };
		E0B781501EF704660076B3AB /* eqMac2Driver.kext in Resources */ = {isa = PBXBuildFile; fileRef = E0B781341EF704660076B3AB /* eqMac2Driver.kext */; };
		E0B781511EF704660076B3AB /* EQEngine.mm in Sources */ = {isa = PBXBuildFile; fileRef = E0B781371EF704660076B3AB /* EQEngine.mm */; };
		E0B781521EF704660076B3AB /* EQHost.mm in Sources */ = {isa = PBXBuildFile; fileRef = E0B7813A1EF704660076B3AB /* EQHost.mm */; };
		E0B781541EF704660076B3AB /* defaultPresets.plist in Resources */ = {isa = PBXBuildFile; fileRef = E0B7813F1EF704660076B3AB /* defaultPresets.plist */; };
		E0B781551EF704660076B3AB /* Presets.m in Sources */ = {isa = PBXBuildFile; fileRef = E0B781411EF704660076B3AB /* Presets.m */; };
		E0B781561EF704660076B3AB /* install_new.sh in Resources */ = {isa = PBXBuildFile; fileRef = E0B781431EF704660076B3AB /* install_new.sh */; };
		E0B781571EF704660076B3AB /* uninstall_app.sh in Resources */ = {isa = PBXBuildFile; fileRef = E0B781441EF704660076B3AB /* uninstall_app.sh */; };
		E0B781581EF704660076B3AB /* uninstall_old.sh in Resources */ = {isa = PBXBuildFile; fileRef = E0B781451EF704660076B3AB /* uninstall_old.sh */; };
		E0B781591EF704660076B3AB /* uninstall_old_install_new.sh in Resources */ = {isa = PBXBuildFile; fileRef = E0B781461EF704660076B3AB /* uninstall_old_install_new.sh */; };
		E0B7815A1EF704660076B3AB /* Storage.m in Sources */ = {isa = PBXBuildFile; fileRef = E0B781491EF704660076B3AB /* Storage.m */; };
		E0B7815B1EF704660076B3AB /* Utilities.m in Sources */ = {isa = PBXBuildFile; fileRef = E0B7814C1EF704660076B3AB /* Utilities.m */; };
		E0B781831EF704A20076B3AB /* AudioDevice.cpp in Sources */ = {isa = PBXBuildFile; fileRef = E0B7815E1EF704A20076B3AB /* AudioDevice.cpp */; };
		E0B781841EF704A20076B3AB /* CARingBuffer.cpp in Sources */ = {isa = PBXBuildFile; fileRef = E0B781611EF704A20076B3AB /* CARingBuffer.cpp */; };
		E0B781851EF704A20076B3AB /* CAStreamBasicDescription.cpp in Sources */ = {isa = PBXBuildFile; fileRef = E0B7816A1EF704A20076B3AB /* CAStreamBasicDescription.cpp */; };
		E0B781861EF704A20076B3AB /* eqViewController.mm in Sources */ = {isa = PBXBuildFile; fileRef = E0B7816F1EF704A20076B3AB /* eqViewController.mm */; };
		E0B781871EF704A20076B3AB /* eqViewController.xib in Resources */ = {isa = PBXBuildFile; fileRef = E0B781701EF704A20076B3AB /* eqViewController.xib */; };
		E0B781881EF704A20076B3AB /* SliderGraphView.m in Sources */ = {isa = PBXBuildFile; fileRef = E0B781731EF704A20076B3AB /* SliderGraphView.m */; };
		E0B781891EF704A20076B3AB /* SettingsViewController.mm in Sources */ = {isa = PBXBuildFile; fileRef = E0B781771EF704A20076B3AB /* SettingsViewController.mm */; };
		E0B7818A1EF704A20076B3AB /* SettingsViewController.xib in Resources */ = {isa = PBXBuildFile; fileRef = E0B781781EF704A20076B3AB /* SettingsViewController.xib */; };
		E0B7818B1EF704A20076B3AB /* eqMacStatusItemView.m in Sources */ = {isa = PBXBuildFile; fileRef = E0B7817B1EF704A20076B3AB /* eqMacStatusItemView.m */; };
		E0B7818D1EF704A20076B3AB /* VolumeWindowController.mm in Sources */ = {isa = PBXBuildFile; fileRef = E0B781811EF704A20076B3AB /* VolumeWindowController.mm */; };
		E0B7818E1EF704A20076B3AB /* VolumeWindowController.xib in Resources */ = {isa = PBXBuildFile; fileRef = E0B781821EF704A20076B3AB /* VolumeWindowController.xib */; };
		E0B781AD1EF704BA0076B3AB /* blueLine.png in Resources */ = {isa = PBXBuildFile; fileRef = E0B781911EF704BA0076B3AB /* blueLine.png */; };
		E0B781AF1EF704BA0076B3AB /* 1024x1024.png in Resources */ = {isa = PBXBuildFile; fileRef = E0B781941EF704BA0076B3AB /* 1024x1024.png */; };
		E0B781B01EF704BA0076B3AB /* 128x128.png in Resources */ = {isa = PBXBuildFile; fileRef = E0B781951EF704BA0076B3AB /* 128x128.png */; };
		E0B781B11EF704BA0076B3AB /* 16x16.png in Resources */ = {isa = PBXBuildFile; fileRef = E0B781961EF704BA0076B3AB /* 16x16.png */; };
		E0B781B21EF704BA0076B3AB /* 24x24.png in Resources */ = {isa = PBXBuildFile; fileRef = E0B781971EF704BA0076B3AB /* 24x24.png */; };
		E0B781B31EF704BA0076B3AB /* 256x256.png in Resources */ = {isa = PBXBuildFile; fileRef = E0B781981EF704BA0076B3AB /* 256x256.png */; };
		E0B781B41EF704BA0076B3AB /* 32x32.png in Resources */ = {isa = PBXBuildFile; fileRef = E0B781991EF704BA0076B3AB /* 32x32.png */; };
		E0B781B51EF704BA0076B3AB /* 48x48.png in Resources */ = {isa = PBXBuildFile; fileRef = E0B7819A1EF704BA0076B3AB /* 48x48.png */; };
		E0B781B61EF704BA0076B3AB /* 512x512.png in Resources */ = {isa = PBXBuildFile; fileRef = E0B7819B1EF704BA0076B3AB /* 512x512.png */; };
		E0B781B71EF704BA0076B3AB /* 64x64.png in Resources */ = {isa = PBXBuildFile; fileRef = E0B7819C1EF704BA0076B3AB /* 64x64.png */; };
		E0B781B81EF704BA0076B3AB /* 96x96.png in Resources */ = {isa = PBXBuildFile; fileRef = E0B7819D1EF704BA0076B3AB /* 96x96.png */; };
		E0B781B91EF704BA0076B3AB /* redLine.png in Resources */ = {isa = PBXBuildFile; fileRef = E0B7819E1EF704BA0076B3AB /* redLine.png */; };
		E0B781C61EF704BA0076B3AB /* Assets.xcassets in Resources */ = {isa = PBXBuildFile; fileRef = E0B781AC1EF704BA0076B3AB /* Assets.xcassets */; };
		E0B781CD1EF706670076B3AB /* AppDelegate.mm in Sources */ = {isa = PBXBuildFile; fileRef = E0B781C81EF706670076B3AB /* AppDelegate.mm */; };
		E0B781CE1EF706670076B3AB /* Info.plist in Resources */ = {isa = PBXBuildFile; fileRef = E0B781C91EF706670076B3AB /* Info.plist */; };
		E0B781CF1EF706670076B3AB /* main.m in Sources */ = {isa = PBXBuildFile; fileRef = E0B781CA1EF706670076B3AB /* main.m */; };
		E0B781D01EF706670076B3AB /* NSAppEventCather.m in Sources */ = {isa = PBXBuildFile; fileRef = E0B781CC1EF706670076B3AB /* NSAppEventCather.m */; };
		E0B781D31EF706700076B3AB /* Main.xib in Resources */ = {isa = PBXBuildFile; fileRef = E0B781D11EF706700076B3AB /* Main.xib */; };
		E0CADB0E1F2CC1A500AC53E8 /* VolumeLevelIndicatorView.m in Sources */ = {isa = PBXBuildFile; fileRef = E0CADB0D1F2CC1A500AC53E8 /* VolumeLevelIndicatorView.m */; };
		E0CADB121F2CD2F400AC53E8 /* Volume.m in Sources */ = {isa = PBXBuildFile; fileRef = E0CADB111F2CD2F400AC53E8 /* Volume.m */; };
/* End PBXBuildFile section */

/* Begin PBXCopyFilesBuildPhase section */
		E0101BDD1C995D9C008091E9 /* CopyFiles */ = {
			isa = PBXCopyFilesBuildPhase;
			buildActionMask = 2147483647;
			dstPath = "";
			dstSubfolderSpec = 10;
			files = (
			);
			runOnlyForDeploymentPostprocessing = 0;
		};
/* End PBXCopyFilesBuildPhase section */

/* Begin PBXFileReference section */
		306DA1C71BEF965F002CB1C9 /* eqMac2.app */ = {isa = PBXFileReference; explicitFileType = wrapper.application; includeInIndex = 0; path = eqMac2.app; sourceTree = BUILT_PRODUCTS_DIR; };
		30A77E7F1BFB091100503E6E /* CoreAudio.framework */ = {isa = PBXFileReference; lastKnownFileType = wrapper.framework; name = CoreAudio.framework; path = System/Library/Frameworks/CoreAudio.framework; sourceTree = SDKROOT; };
		30A77E811BFB091700503E6E /* Cocoa.framework */ = {isa = PBXFileReference; lastKnownFileType = wrapper.framework; name = Cocoa.framework; path = System/Library/Frameworks/Cocoa.framework; sourceTree = SDKROOT; };
		30A77E831BFB092200503E6E /* Security.framework */ = {isa = PBXFileReference; lastKnownFileType = wrapper.framework; name = Security.framework; path = System/Library/Frameworks/Security.framework; sourceTree = SDKROOT; };
		30A77E851BFB092B00503E6E /* QuartzCore.framework */ = {isa = PBXFileReference; lastKnownFileType = wrapper.framework; name = QuartzCore.framework; path = System/Library/Frameworks/QuartzCore.framework; sourceTree = SDKROOT; };
		30A77E871BFB093A00503E6E /* IOKit.framework */ = {isa = PBXFileReference; lastKnownFileType = wrapper.framework; name = IOKit.framework; path = System/Library/Frameworks/IOKit.framework; sourceTree = SDKROOT; };
		30A77E891BFB094700503E6E /* AudioToolbox.framework */ = {isa = PBXFileReference; lastKnownFileType = wrapper.framework; name = AudioToolbox.framework; path = System/Library/Frameworks/AudioToolbox.framework; sourceTree = SDKROOT; };
		30A77E8B1BFB094F00503E6E /* AudioUnit.framework */ = {isa = PBXFileReference; lastKnownFileType = wrapper.framework; name = AudioUnit.framework; path = System/Library/Frameworks/AudioUnit.framework; sourceTree = SDKROOT; };
		614DEEEB6C06E6431C8B7EC2 /* Pods-eqMac2.release.xcconfig */ = {isa = PBXFileReference; includeInIndex = 1; lastKnownFileType = text.xcconfig; name = "Pods-eqMac2.release.xcconfig"; path = "Pods/Target Support Files/Pods-eqMac2/Pods-eqMac2.release.xcconfig"; sourceTree = "<group>"; };
		A44CF14B89CD3E798D15238B /* Pods-eqMac2.debug.xcconfig */ = {isa = PBXFileReference; includeInIndex = 1; lastKnownFileType = text.xcconfig; name = "Pods-eqMac2.debug.xcconfig"; path = "Pods/Target Support Files/Pods-eqMac2/Pods-eqMac2.debug.xcconfig"; sourceTree = "<group>"; };
		A7CD694314F86C465E4A5F8B /* libPods-eqMac.a */ = {isa = PBXFileReference; explicitFileType = archive.ar; includeInIndex = 0; path = "libPods-eqMac.a"; sourceTree = BUILT_PRODUCTS_DIR; };
		CB898D1CC464E56A965D8E4A /* Pods_eqMac2.framework */ = {isa = PBXFileReference; explicitFileType = wrapper.framework; includeInIndex = 0; path = Pods_eqMac2.framework; sourceTree = BUILT_PRODUCTS_DIR; };
		E07BF4B41D6B4BA400589F0C /* WebKit.framework */ = {isa = PBXFileReference; lastKnownFileType = wrapper.framework; name = WebKit.framework; path = System/Library/Frameworks/WebKit.framework; sourceTree = SDKROOT; };
		E0B0A7E51EA023F800D2BB98 /* Carbon.framework */ = {isa = PBXFileReference; lastKnownFileType = wrapper.framework; name = Carbon.framework; path = System/Library/Frameworks/Carbon.framework; sourceTree = SDKROOT; };
		E0B5F07D1F25EEE4005C5F46 /* exitDark.png */ = {isa = PBXFileReference; lastKnownFileType = image.png; path = exitDark.png; sourceTree = "<group>"; };
		E0B5F07E1F25EEE4005C5F46 /* exitLight.png */ = {isa = PBXFileReference; lastKnownFileType = image.png; path = exitLight.png; sourceTree = "<group>"; };
		E0B5F07F1F25EEE4005C5F46 /* saveDark.png */ = {isa = PBXFileReference; lastKnownFileType = image.png; path = saveDark.png; sourceTree = "<group>"; };
		E0B5F0801F25EEE4005C5F46 /* saveLight.png */ = {isa = PBXFileReference; lastKnownFileType = image.png; path = saveLight.png; sourceTree = "<group>"; };
		E0B5F0811F25EEE4005C5F46 /* speakerDark.png */ = {isa = PBXFileReference; lastKnownFileType = image.png; path = speakerDark.png; sourceTree = "<group>"; };
		E0B5F0821F25EEE4005C5F46 /* speakerLight.png */ = {isa = PBXFileReference; lastKnownFileType = image.png; path = speakerLight.png; sourceTree = "<group>"; };
		E0B5F0831F25EEE4005C5F46 /* statusItemDark.png */ = {isa = PBXFileReference; lastKnownFileType = image.png; path = statusItemDark.png; sourceTree = "<group>"; };
		E0B5F0841F25EEE4005C5F46 /* statusItemLight.png */ = {isa = PBXFileReference; lastKnownFileType = image.png; path = statusItemLight.png; sourceTree = "<group>"; };
		E0B5F0851F25EEE4005C5F46 /* deleteDark.png */ = {isa = PBXFileReference; lastKnownFileType = image.png; path = deleteDark.png; sourceTree = "<group>"; };
		E0B5F0861F25EEE4005C5F46 /* deleteLight.png */ = {isa = PBXFileReference; lastKnownFileType = image.png; path = deleteLight.png; sourceTree = "<group>"; };
		E0B5F0871F25EEE4005C5F46 /* vol1Dark.png */ = {isa = PBXFileReference; lastKnownFileType = image.png; path = vol1Dark.png; sourceTree = "<group>"; };
		E0B5F0881F25EEE4005C5F46 /* vol1Light.png */ = {isa = PBXFileReference; lastKnownFileType = image.png; path = vol1Light.png; sourceTree = "<group>"; };
		E0B5F0891F25EEE4005C5F46 /* vol2Dark.png */ = {isa = PBXFileReference; lastKnownFileType = image.png; path = vol2Dark.png; sourceTree = "<group>"; };
		E0B5F08A1F25EEE4005C5F46 /* vol2Light.png */ = {isa = PBXFileReference; lastKnownFileType = image.png; path = vol2Light.png; sourceTree = "<group>"; };
		E0B5F08B1F25EEE4005C5F46 /* vol3Dark.png */ = {isa = PBXFileReference; lastKnownFileType = image.png; path = vol3Dark.png; sourceTree = "<group>"; };
		E0B5F08C1F25EEE4005C5F46 /* vol3Light.png */ = {isa = PBXFileReference; lastKnownFileType = image.png; path = vol3Light.png; sourceTree = "<group>"; };
		E0B5F08D1F25EEE4005C5F46 /* vol4Dark.png */ = {isa = PBXFileReference; lastKnownFileType = image.png; path = vol4Dark.png; sourceTree = "<group>"; };
		E0B5F08E1F25EEE4005C5F46 /* vol4Light.png */ = {isa = PBXFileReference; lastKnownFileType = image.png; path = vol4Light.png; sourceTree = "<group>"; };
		E0B7812B1EF704660076B3AB /* API.h */ = {isa = PBXFileReference; fileEncoding = 4; lastKnownFileType = sourcecode.c.h; path = API.h; sourceTree = "<group>"; };
		E0B7812C1EF704660076B3AB /* API.m */ = {isa = PBXFileReference; fileEncoding = 4; lastKnownFileType = sourcecode.c.objc; path = API.m; sourceTree = "<group>"; };
		E0B7812E1EF704660076B3AB /* Constants.h */ = {isa = PBXFileReference; fileEncoding = 4; lastKnownFileType = sourcecode.c.h; path = Constants.h; sourceTree = "<group>"; };
		E0B7812F1EF704660076B3AB /* Constants.m */ = {isa = PBXFileReference; fileEncoding = 4; lastKnownFileType = sourcecode.c.objc; path = Constants.m; sourceTree = "<group>"; };
		E0B781311EF704660076B3AB /* Devices.h */ = {isa = PBXFileReference; fileEncoding = 4; lastKnownFileType = sourcecode.c.h; path = Devices.h; sourceTree = "<group>"; };
		E0B781321EF704660076B3AB /* Devices.mm */ = {isa = PBXFileReference; fileEncoding = 4; lastKnownFileType = sourcecode.cpp.objcpp; path = Devices.mm; sourceTree = "<group>"; };
		E0B781341EF704660076B3AB /* eqMac2Driver.kext */ = {isa = PBXFileReference; lastKnownFileType = "wrapper.kernel-extension"; path = eqMac2Driver.kext; sourceTree = "<group>"; };
		E0B781361EF704660076B3AB /* EQEngine.h */ = {isa = PBXFileReference; fileEncoding = 4; lastKnownFileType = sourcecode.c.h; path = EQEngine.h; sourceTree = "<group>"; };
		E0B781371EF704660076B3AB /* EQEngine.mm */ = {isa = PBXFileReference; fileEncoding = 4; lastKnownFileType = sourcecode.cpp.objcpp; path = EQEngine.mm; sourceTree = "<group>"; };
		E0B781391EF704660076B3AB /* EQHost.h */ = {isa = PBXFileReference; fileEncoding = 4; lastKnownFileType = sourcecode.c.h; path = EQHost.h; sourceTree = "<group>"; };
		E0B7813A1EF704660076B3AB /* EQHost.mm */ = {isa = PBXFileReference; fileEncoding = 4; lastKnownFileType = sourcecode.cpp.objcpp; path = EQHost.mm; sourceTree = "<group>"; };
		E0B7813F1EF704660076B3AB /* defaultPresets.plist */ = {isa = PBXFileReference; fileEncoding = 4; lastKnownFileType = text.plist.xml; path = defaultPresets.plist; sourceTree = "<group>"; };
		E0B781401EF704660076B3AB /* Presets.h */ = {isa = PBXFileReference; fileEncoding = 4; lastKnownFileType = sourcecode.c.h; path = Presets.h; sourceTree = "<group>"; };
		E0B781411EF704660076B3AB /* Presets.m */ = {isa = PBXFileReference; fileEncoding = 4; lastKnownFileType = sourcecode.c.objc; path = Presets.m; sourceTree = "<group>"; };
		E0B781431EF704660076B3AB /* install_new.sh */ = {isa = PBXFileReference; fileEncoding = 4; lastKnownFileType = text.script.sh; path = install_new.sh; sourceTree = "<group>"; };
		E0B781441EF704660076B3AB /* uninstall_app.sh */ = {isa = PBXFileReference; fileEncoding = 4; lastKnownFileType = text.script.sh; path = uninstall_app.sh; sourceTree = "<group>"; };
		E0B781451EF704660076B3AB /* uninstall_old.sh */ = {isa = PBXFileReference; fileEncoding = 4; lastKnownFileType = text.script.sh; path = uninstall_old.sh; sourceTree = "<group>"; };
		E0B781461EF704660076B3AB /* uninstall_old_install_new.sh */ = {isa = PBXFileReference; fileEncoding = 4; lastKnownFileType = text.script.sh; path = uninstall_old_install_new.sh; sourceTree = "<group>"; };
		E0B781481EF704660076B3AB /* Storage.h */ = {isa = PBXFileReference; fileEncoding = 4; lastKnownFileType = sourcecode.c.h; path = Storage.h; sourceTree = "<group>"; };
		E0B781491EF704660076B3AB /* Storage.m */ = {isa = PBXFileReference; fileEncoding = 4; lastKnownFileType = sourcecode.c.objc; path = Storage.m; sourceTree = "<group>"; };
		E0B7814B1EF704660076B3AB /* Utilities.h */ = {isa = PBXFileReference; fileEncoding = 4; lastKnownFileType = sourcecode.c.h; path = Utilities.h; sourceTree = "<group>"; };
		E0B7814C1EF704660076B3AB /* Utilities.m */ = {isa = PBXFileReference; fileEncoding = 4; lastKnownFileType = sourcecode.c.objc; path = Utilities.m; sourceTree = "<group>"; };
		E0B7815E1EF704A20076B3AB /* AudioDevice.cpp */ = {isa = PBXFileReference; fileEncoding = 4; lastKnownFileType = sourcecode.cpp.cpp; path = AudioDevice.cpp; sourceTree = "<group>"; };
		E0B7815F1EF704A20076B3AB /* AudioDevice.h */ = {isa = PBXFileReference; fileEncoding = 4; lastKnownFileType = sourcecode.c.h; path = AudioDevice.h; sourceTree = "<group>"; };
		E0B781611EF704A20076B3AB /* CARingBuffer.cpp */ = {isa = PBXFileReference; fileEncoding = 4; lastKnownFileType = sourcecode.cpp.cpp; path = CARingBuffer.cpp; sourceTree = "<group>"; };
		E0B781621EF704A20076B3AB /* CARingBuffer.h */ = {isa = PBXFileReference; fileEncoding = 4; lastKnownFileType = sourcecode.c.h; path = CARingBuffer.h; sourceTree = "<group>"; };
		E0B781641EF704A20076B3AB /* CAAtomic.h */ = {isa = PBXFileReference; fileEncoding = 4; lastKnownFileType = sourcecode.c.h; path = CAAtomic.h; sourceTree = "<group>"; };
		E0B781651EF704A20076B3AB /* CAAutoDisposer.h */ = {isa = PBXFileReference; fileEncoding = 4; lastKnownFileType = sourcecode.c.h; path = CAAutoDisposer.h; sourceTree = "<group>"; };
		E0B781661EF704A20076B3AB /* CABitOperations.h */ = {isa = PBXFileReference; fileEncoding = 4; lastKnownFileType = sourcecode.c.h; path = CABitOperations.h; sourceTree = "<group>"; };
		E0B781671EF704A20076B3AB /* CADebugMacros.h */ = {isa = PBXFileReference; fileEncoding = 4; lastKnownFileType = sourcecode.c.h; path = CADebugMacros.h; sourceTree = "<group>"; };
		E0B781681EF704A20076B3AB /* CADebugPrintf.h */ = {isa = PBXFileReference; fileEncoding = 4; lastKnownFileType = sourcecode.c.h; path = CADebugPrintf.h; sourceTree = "<group>"; };
		E0B781691EF704A20076B3AB /* CAMath.h */ = {isa = PBXFileReference; fileEncoding = 4; lastKnownFileType = sourcecode.c.h; path = CAMath.h; sourceTree = "<group>"; };
		E0B7816A1EF704A20076B3AB /* CAStreamBasicDescription.cpp */ = {isa = PBXFileReference; fileEncoding = 4; lastKnownFileType = sourcecode.cpp.cpp; path = CAStreamBasicDescription.cpp; sourceTree = "<group>"; };
		E0B7816B1EF704A20076B3AB /* CAStreamBasicDescription.h */ = {isa = PBXFileReference; fileEncoding = 4; lastKnownFileType = sourcecode.c.h; path = CAStreamBasicDescription.h; sourceTree = "<group>"; };
		E0B7816E1EF704A20076B3AB /* eqViewController.h */ = {isa = PBXFileReference; fileEncoding = 4; lastKnownFileType = sourcecode.c.h; path = eqViewController.h; sourceTree = "<group>"; };
		E0B7816F1EF704A20076B3AB /* eqViewController.mm */ = {isa = PBXFileReference; fileEncoding = 4; lastKnownFileType = sourcecode.cpp.objcpp; path = eqViewController.mm; sourceTree = "<group>"; };
		E0B781701EF704A20076B3AB /* eqViewController.xib */ = {isa = PBXFileReference; fileEncoding = 4; lastKnownFileType = file.xib; path = eqViewController.xib; sourceTree = "<group>"; };
		E0B781721EF704A20076B3AB /* SliderGraphView.h */ = {isa = PBXFileReference; fileEncoding = 4; lastKnownFileType = sourcecode.c.h; path = SliderGraphView.h; sourceTree = "<group>"; };
		E0B781731EF704A20076B3AB /* SliderGraphView.m */ = {isa = PBXFileReference; fileEncoding = 4; lastKnownFileType = sourcecode.c.objc; path = SliderGraphView.m; sourceTree = "<group>"; };
		E0B781761EF704A20076B3AB /* SettingsViewController.h */ = {isa = PBXFileReference; fileEncoding = 4; lastKnownFileType = sourcecode.c.h; path = SettingsViewController.h; sourceTree = "<group>"; };
		E0B781771EF704A20076B3AB /* SettingsViewController.mm */ = {isa = PBXFileReference; fileEncoding = 4; lastKnownFileType = sourcecode.cpp.objcpp; path = SettingsViewController.mm; sourceTree = "<group>"; };
		E0B781781EF704A20076B3AB /* SettingsViewController.xib */ = {isa = PBXFileReference; fileEncoding = 4; lastKnownFileType = file.xib; path = SettingsViewController.xib; sourceTree = "<group>"; };
		E0B7817A1EF704A20076B3AB /* eqMacStatusItemView.h */ = {isa = PBXFileReference; fileEncoding = 4; lastKnownFileType = sourcecode.c.h; path = eqMacStatusItemView.h; sourceTree = "<group>"; };
		E0B7817B1EF704A20076B3AB /* eqMacStatusItemView.m */ = {isa = PBXFileReference; fileEncoding = 4; lastKnownFileType = sourcecode.c.objc; path = eqMacStatusItemView.m; sourceTree = "<group>"; };
		E0B781801EF704A20076B3AB /* VolumeWindowController.h */ = {isa = PBXFileReference; fileEncoding = 4; lastKnownFileType = sourcecode.c.h; path = VolumeWindowController.h; sourceTree = "<group>"; };
		E0B781811EF704A20076B3AB /* VolumeWindowController.mm */ = {isa = PBXFileReference; fileEncoding = 4; lastKnownFileType = sourcecode.cpp.objcpp; path = VolumeWindowController.mm; sourceTree = "<group>"; };
		E0B781821EF704A20076B3AB /* VolumeWindowController.xib */ = {isa = PBXFileReference; fileEncoding = 4; lastKnownFileType = file.xib; path = VolumeWindowController.xib; sourceTree = "<group>"; };
		E0B781911EF704BA0076B3AB /* blueLine.png */ = {isa = PBXFileReference; lastKnownFileType = image.png; path = blueLine.png; sourceTree = "<group>"; };
		E0B781941EF704BA0076B3AB /* 1024x1024.png */ = {isa = PBXFileReference; lastKnownFileType = image.png; path = 1024x1024.png; sourceTree = "<group>"; };
		E0B781951EF704BA0076B3AB /* 128x128.png */ = {isa = PBXFileReference; lastKnownFileType = image.png; path = 128x128.png; sourceTree = "<group>"; };
		E0B781961EF704BA0076B3AB /* 16x16.png */ = {isa = PBXFileReference; lastKnownFileType = image.png; path = 16x16.png; sourceTree = "<group>"; };
		E0B781971EF704BA0076B3AB /* 24x24.png */ = {isa = PBXFileReference; lastKnownFileType = image.png; path = 24x24.png; sourceTree = "<group>"; };
		E0B781981EF704BA0076B3AB /* 256x256.png */ = {isa = PBXFileReference; lastKnownFileType = image.png; path = 256x256.png; sourceTree = "<group>"; };
		E0B781991EF704BA0076B3AB /* 32x32.png */ = {isa = PBXFileReference; lastKnownFileType = image.png; path = 32x32.png; sourceTree = "<group>"; };
		E0B7819A1EF704BA0076B3AB /* 48x48.png */ = {isa = PBXFileReference; lastKnownFileType = image.png; path = 48x48.png; sourceTree = "<group>"; };
		E0B7819B1EF704BA0076B3AB /* 512x512.png */ = {isa = PBXFileReference; lastKnownFileType = image.png; path = 512x512.png; sourceTree = "<group>"; };
		E0B7819C1EF704BA0076B3AB /* 64x64.png */ = {isa = PBXFileReference; lastKnownFileType = image.png; path = 64x64.png; sourceTree = "<group>"; };
		E0B7819D1EF704BA0076B3AB /* 96x96.png */ = {isa = PBXFileReference; lastKnownFileType = image.png; path = 96x96.png; sourceTree = "<group>"; };
		E0B7819E1EF704BA0076B3AB /* redLine.png */ = {isa = PBXFileReference; lastKnownFileType = image.png; path = redLine.png; sourceTree = "<group>"; };
		E0B781AC1EF704BA0076B3AB /* Assets.xcassets */ = {isa = PBXFileReference; lastKnownFileType = folder.assetcatalog; path = Assets.xcassets; sourceTree = "<group>"; };
		E0B781C71EF706670076B3AB /* AppDelegate.h */ = {isa = PBXFileReference; fileEncoding = 4; lastKnownFileType = sourcecode.c.h; path = AppDelegate.h; sourceTree = "<group>"; };
		E0B781C81EF706670076B3AB /* AppDelegate.mm */ = {isa = PBXFileReference; fileEncoding = 4; lastKnownFileType = sourcecode.cpp.objcpp; path = AppDelegate.mm; sourceTree = "<group>"; };
		E0B781C91EF706670076B3AB /* Info.plist */ = {isa = PBXFileReference; fileEncoding = 4; lastKnownFileType = text.plist.xml; path = Info.plist; sourceTree = "<group>"; };
		E0B781CA1EF706670076B3AB /* main.m */ = {isa = PBXFileReference; fileEncoding = 4; lastKnownFileType = sourcecode.c.objc; path = main.m; sourceTree = "<group>"; };
		E0B781CB1EF706670076B3AB /* NSAppEventCatcher.h */ = {isa = PBXFileReference; fileEncoding = 4; lastKnownFileType = sourcecode.c.h; path = NSAppEventCatcher.h; sourceTree = "<group>"; };
		E0B781CC1EF706670076B3AB /* NSAppEventCather.m */ = {isa = PBXFileReference; fileEncoding = 4; lastKnownFileType = sourcecode.c.objc; path = NSAppEventCather.m; sourceTree = "<group>"; };
		E0B781D21EF706700076B3AB /* Base */ = {isa = PBXFileReference; lastKnownFileType = file.xib; name = Base; path = Base.lproj/Main.xib; sourceTree = "<group>"; };
		E0CADB0C1F2CC1A500AC53E8 /* VolumeLevelIndicatorView.h */ = {isa = PBXFileReference; fileEncoding = 4; lastKnownFileType = sourcecode.c.h; name = VolumeLevelIndicatorView.h; path = VolumeLevelIndicatorView/VolumeLevelIndicatorView.h; sourceTree = "<group>"; };
		E0CADB0D1F2CC1A500AC53E8 /* VolumeLevelIndicatorView.m */ = {isa = PBXFileReference; fileEncoding = 4; lastKnownFileType = sourcecode.c.objc; name = VolumeLevelIndicatorView.m; path = VolumeLevelIndicatorView/VolumeLevelIndicatorView.m; sourceTree = "<group>"; };
		E0CADB101F2CD2F400AC53E8 /* Volume.h */ = {isa = PBXFileReference; fileEncoding = 4; lastKnownFileType = sourcecode.c.h; name = Volume.h; path = Volume/Volume.h; sourceTree = "<group>"; };
		E0CADB111F2CD2F400AC53E8 /* Volume.m */ = {isa = PBXFileReference; fileEncoding = 4; lastKnownFileType = sourcecode.c.objc; name = Volume.m; path = Volume/Volume.m; sourceTree = "<group>"; };
/* End PBXFileReference section */

/* Begin PBXFrameworksBuildPhase section */
		306DA1C41BEF965F002CB1C9 /* Frameworks */ = {
			isa = PBXFrameworksBuildPhase;
			buildActionMask = 2147483647;
			files = (
				E0B0A7E61EA023F800D2BB98 /* Carbon.framework in Frameworks */,
				E07BF4B51D6B4BA400589F0C /* WebKit.framework in Frameworks */,
				30A77E8C1BFB094F00503E6E /* AudioUnit.framework in Frameworks */,
				30A77E8A1BFB094700503E6E /* AudioToolbox.framework in Frameworks */,
				30A77E881BFB093A00503E6E /* IOKit.framework in Frameworks */,
				30A77E861BFB092B00503E6E /* QuartzCore.framework in Frameworks */,
				30A77E841BFB092200503E6E /* Security.framework in Frameworks */,
				30A77E821BFB091700503E6E /* Cocoa.framework in Frameworks */,
				30A77E801BFB091100503E6E /* CoreAudio.framework in Frameworks */,
				C7E49B3F727A9657BBC43E9B /* Pods_eqMac2.framework in Frameworks */,
			);
			runOnlyForDeploymentPostprocessing = 0;
		};
/* End PBXFrameworksBuildPhase section */

/* Begin PBXGroup section */
		306DA1BE1BEF965F002CB1C9 = {
			isa = PBXGroup;
			children = (
				306DA1C91BEF965F002CB1C9 /* Source */,
				306DA1C81BEF965F002CB1C9 /* Products */,
				30A77E8D1BFB097400503E6E /* Frameworks */,
				6D3D49CE95FBA49AB1FBC4BF /* Pods */,
			);
			sourceTree = "<group>";
		};
		306DA1C81BEF965F002CB1C9 /* Products */ = {
			isa = PBXGroup;
			children = (
				306DA1C71BEF965F002CB1C9 /* eqMac2.app */,
			);
			name = Products;
			sourceTree = "<group>";
		};
		306DA1C91BEF965F002CB1C9 /* Source */ = {
			isa = PBXGroup;
			children = (
				E0B781C71EF706670076B3AB /* AppDelegate.h */,
				E0B781C81EF706670076B3AB /* AppDelegate.mm */,
				E0B781C91EF706670076B3AB /* Info.plist */,
				E0B781CA1EF706670076B3AB /* main.m */,
				E0B781CB1EF706670076B3AB /* NSAppEventCatcher.h */,
				E0B781CC1EF706670076B3AB /* NSAppEventCather.m */,
				E0B781D11EF706700076B3AB /* Main.xib */,
				E0B781291EF704660076B3AB /* Common */,
				E0B7815C1EF704A20076B3AB /* Libs */,
				E0B7816C1EF704A20076B3AB /* Views */,
				E0B7818F1EF704BA0076B3AB /* Assets */,
			);
			path = Source;
			sourceTree = "<group>";
		};
		30A77E8D1BFB097400503E6E /* Frameworks */ = {
			isa = PBXGroup;
			children = (
				E0B0A7E51EA023F800D2BB98 /* Carbon.framework */,
				E07BF4B41D6B4BA400589F0C /* WebKit.framework */,
				30A77E8B1BFB094F00503E6E /* AudioUnit.framework */,
				30A77E891BFB094700503E6E /* AudioToolbox.framework */,
				30A77E871BFB093A00503E6E /* IOKit.framework */,
				30A77E851BFB092B00503E6E /* QuartzCore.framework */,
				30A77E831BFB092200503E6E /* Security.framework */,
				30A77E811BFB091700503E6E /* Cocoa.framework */,
				30A77E7F1BFB091100503E6E /* CoreAudio.framework */,
				A7CD694314F86C465E4A5F8B /* libPods-eqMac.a */,
				CB898D1CC464E56A965D8E4A /* Pods_eqMac2.framework */,
			);
			name = Frameworks;
			sourceTree = "<group>";
		};
		6D3D49CE95FBA49AB1FBC4BF /* Pods */ = {
			isa = PBXGroup;
			children = (
				A44CF14B89CD3E798D15238B /* Pods-eqMac2.debug.xcconfig */,
				614DEEEB6C06E6431C8B7EC2 /* Pods-eqMac2.release.xcconfig */,
			);
			name = Pods;
			sourceTree = "<group>";
		};
		E0B781291EF704660076B3AB /* Common */ = {
			isa = PBXGroup;
			children = (
				E0CADB0F1F2CD2D400AC53E8 /* Volume */,
				E0B7812A1EF704660076B3AB /* API */,
				E0B7812D1EF704660076B3AB /* Constants */,
				E0B781301EF704660076B3AB /* Devices */,
				E0B781331EF704660076B3AB /* Driver */,
				E0B781351EF704660076B3AB /* EQEngine */,
				E0B781381EF704660076B3AB /* EQHost */,
				E0B7813E1EF704660076B3AB /* Presets */,
				E0B781421EF704660076B3AB /* Scripts */,
				E0B781471EF704660076B3AB /* Storage */,
				E0B7814A1EF704660076B3AB /* Utilities */,
			);
			path = Common;
			sourceTree = "<group>";
		};
		E0B7812A1EF704660076B3AB /* API */ = {
			isa = PBXGroup;
			children = (
				E0B7812B1EF704660076B3AB /* API.h */,
				E0B7812C1EF704660076B3AB /* API.m */,
			);
			path = API;
			sourceTree = "<group>";
		};
		E0B7812D1EF704660076B3AB /* Constants */ = {
			isa = PBXGroup;
			children = (
				E0B7812E1EF704660076B3AB /* Constants.h */,
				E0B7812F1EF704660076B3AB /* Constants.m */,
			);
			path = Constants;
			sourceTree = "<group>";
		};
		E0B781301EF704660076B3AB /* Devices */ = {
			isa = PBXGroup;
			children = (
				E0B781311EF704660076B3AB /* Devices.h */,
				E0B781321EF704660076B3AB /* Devices.mm */,
			);
			path = Devices;
			sourceTree = "<group>";
		};
		E0B781331EF704660076B3AB /* Driver */ = {
			isa = PBXGroup;
			children = (
				E0B781341EF704660076B3AB /* eqMac2Driver.kext */,
			);
			path = Driver;
			sourceTree = "<group>";
		};
		E0B781351EF704660076B3AB /* EQEngine */ = {
			isa = PBXGroup;
			children = (
				E0B781361EF704660076B3AB /* EQEngine.h */,
				E0B781371EF704660076B3AB /* EQEngine.mm */,
			);
			path = EQEngine;
			sourceTree = "<group>";
		};
		E0B781381EF704660076B3AB /* EQHost */ = {
			isa = PBXGroup;
			children = (
				E0B781391EF704660076B3AB /* EQHost.h */,
				E0B7813A1EF704660076B3AB /* EQHost.mm */,
			);
			path = EQHost;
			sourceTree = "<group>";
		};
		E0B7813E1EF704660076B3AB /* Presets */ = {
			isa = PBXGroup;
			children = (
				E0B7813F1EF704660076B3AB /* defaultPresets.plist */,
				E0B781401EF704660076B3AB /* Presets.h */,
				E0B781411EF704660076B3AB /* Presets.m */,
			);
			path = Presets;
			sourceTree = "<group>";
		};
		E0B781421EF704660076B3AB /* Scripts */ = {
			isa = PBXGroup;
			children = (
				E0B781431EF704660076B3AB /* install_new.sh */,
				E0B781441EF704660076B3AB /* uninstall_app.sh */,
				E0B781451EF704660076B3AB /* uninstall_old.sh */,
				E0B781461EF704660076B3AB /* uninstall_old_install_new.sh */,
			);
			path = Scripts;
			sourceTree = "<group>";
		};
		E0B781471EF704660076B3AB /* Storage */ = {
			isa = PBXGroup;
			children = (
				E0B781481EF704660076B3AB /* Storage.h */,
				E0B781491EF704660076B3AB /* Storage.m */,
			);
			path = Storage;
			sourceTree = "<group>";
		};
		E0B7814A1EF704660076B3AB /* Utilities */ = {
			isa = PBXGroup;
			children = (
				E0B7814B1EF704660076B3AB /* Utilities.h */,
				E0B7814C1EF704660076B3AB /* Utilities.m */,
			);
			path = Utilities;
			sourceTree = "<group>";
		};
		E0B7815C1EF704A20076B3AB /* Libs */ = {
			isa = PBXGroup;
			children = (
				E0B7815D1EF704A20076B3AB /* AudioDevice */,
				E0B781601EF704A20076B3AB /* CARingBuffer */,
				E0B781631EF704A20076B3AB /* Misc */,
			);
			path = Libs;
			sourceTree = "<group>";
		};
		E0B7815D1EF704A20076B3AB /* AudioDevice */ = {
			isa = PBXGroup;
			children = (
				E0B7815E1EF704A20076B3AB /* AudioDevice.cpp */,
				E0B7815F1EF704A20076B3AB /* AudioDevice.h */,
			);
			path = AudioDevice;
			sourceTree = "<group>";
		};
		E0B781601EF704A20076B3AB /* CARingBuffer */ = {
			isa = PBXGroup;
			children = (
				E0B781611EF704A20076B3AB /* CARingBuffer.cpp */,
				E0B781621EF704A20076B3AB /* CARingBuffer.h */,
			);
			path = CARingBuffer;
			sourceTree = "<group>";
		};
		E0B781631EF704A20076B3AB /* Misc */ = {
			isa = PBXGroup;
			children = (
				E0B781641EF704A20076B3AB /* CAAtomic.h */,
				E0B781651EF704A20076B3AB /* CAAutoDisposer.h */,
				E0B781661EF704A20076B3AB /* CABitOperations.h */,
				E0B781671EF704A20076B3AB /* CADebugMacros.h */,
				E0B781681EF704A20076B3AB /* CADebugPrintf.h */,
				E0B781691EF704A20076B3AB /* CAMath.h */,
				E0B7816A1EF704A20076B3AB /* CAStreamBasicDescription.cpp */,
				E0B7816B1EF704A20076B3AB /* CAStreamBasicDescription.h */,
			);
			path = Misc;
			sourceTree = "<group>";
		};
		E0B7816C1EF704A20076B3AB /* Views */ = {
			isa = PBXGroup;
			children = (
				E0B7816D1EF704A20076B3AB /* EQ */,
				E0B781751EF704A20076B3AB /* Settings */,
				E0B781791EF704A20076B3AB /* StatusItem */,
				E0B7817C1EF704A20076B3AB /* Volume */,
			);
			path = Views;
			sourceTree = "<group>";
		};
		E0B7816D1EF704A20076B3AB /* EQ */ = {
			isa = PBXGroup;
			children = (
				E0B7816E1EF704A20076B3AB /* eqViewController.h */,
				E0B7816F1EF704A20076B3AB /* eqViewController.mm */,
				E0B781701EF704A20076B3AB /* eqViewController.xib */,
				E0B781711EF704A20076B3AB /* SliderGraphView */,
			);
			path = EQ;
			sourceTree = "<group>";
		};
		E0B781711EF704A20076B3AB /* SliderGraphView */ = {
			isa = PBXGroup;
			children = (
				E0B781721EF704A20076B3AB /* SliderGraphView.h */,
				E0B781731EF704A20076B3AB /* SliderGraphView.m */,
			);
			path = SliderGraphView;
			sourceTree = "<group>";
		};
		E0B781751EF704A20076B3AB /* Settings */ = {
			isa = PBXGroup;
			children = (
				E0B781761EF704A20076B3AB /* SettingsViewController.h */,
				E0B781771EF704A20076B3AB /* SettingsViewController.mm */,
				E0B781781EF704A20076B3AB /* SettingsViewController.xib */,
			);
			path = Settings;
			sourceTree = "<group>";
		};
		E0B781791EF704A20076B3AB /* StatusItem */ = {
			isa = PBXGroup;
			children = (
				E0B7817A1EF704A20076B3AB /* eqMacStatusItemView.h */,
				E0B7817B1EF704A20076B3AB /* eqMacStatusItemView.m */,
			);
			path = StatusItem;
			sourceTree = "<group>";
		};
		E0B7817C1EF704A20076B3AB /* Volume */ = {
			isa = PBXGroup;
			children = (
				E0CADB0B1F2CC17A00AC53E8 /* VolumeLevelIndicatorView */,
				E0B781801EF704A20076B3AB /* VolumeWindowController.h */,
				E0B781811EF704A20076B3AB /* VolumeWindowController.mm */,
				E0B781821EF704A20076B3AB /* VolumeWindowController.xib */,
			);
			path = Volume;
			sourceTree = "<group>";
		};
		E0B7818F1EF704BA0076B3AB /* Assets */ = {
			isa = PBXGroup;
			children = (
				E0B781901EF704BA0076B3AB /* Assets */,
				E0B781AC1EF704BA0076B3AB /* Assets.xcassets */,
			);
			path = Assets;
			sourceTree = "<group>";
		};
		E0B781901EF704BA0076B3AB /* Assets */ = {
			isa = PBXGroup;
			children = (
				E0B5F07D1F25EEE4005C5F46 /* exitDark.png */,
				E0B5F07E1F25EEE4005C5F46 /* exitLight.png */,
				E0B5F07F1F25EEE4005C5F46 /* saveDark.png */,
				E0B5F0801F25EEE4005C5F46 /* saveLight.png */,
				E0B5F0811F25EEE4005C5F46 /* speakerDark.png */,
				E0B5F0821F25EEE4005C5F46 /* speakerLight.png */,
				E0B5F0831F25EEE4005C5F46 /* statusItemDark.png */,
				E0B5F0841F25EEE4005C5F46 /* statusItemLight.png */,
				E0B5F0851F25EEE4005C5F46 /* deleteDark.png */,
				E0B5F0861F25EEE4005C5F46 /* deleteLight.png */,
				E0B5F0871F25EEE4005C5F46 /* vol1Dark.png */,
				E0B5F0881F25EEE4005C5F46 /* vol1Light.png */,
				E0B5F0891F25EEE4005C5F46 /* vol2Dark.png */,
				E0B5F08A1F25EEE4005C5F46 /* vol2Light.png */,
				E0B5F08B1F25EEE4005C5F46 /* vol3Dark.png */,
				E0B5F08C1F25EEE4005C5F46 /* vol3Light.png */,
				E0B5F08D1F25EEE4005C5F46 /* vol4Dark.png */,
				E0B5F08E1F25EEE4005C5F46 /* vol4Light.png */,
				E0B781911EF704BA0076B3AB /* blueLine.png */,
				E0B781931EF704BA0076B3AB /* Icons */,
				E0B7819E1EF704BA0076B3AB /* redLine.png */,
			);
			path = Assets;
			sourceTree = "<group>";
		};
		E0B781931EF704BA0076B3AB /* Icons */ = {
			isa = PBXGroup;
			children = (
				E0B781941EF704BA0076B3AB /* 1024x1024.png */,
				E0B781951EF704BA0076B3AB /* 128x128.png */,
				E0B781961EF704BA0076B3AB /* 16x16.png */,
				E0B781971EF704BA0076B3AB /* 24x24.png */,
				E0B781981EF704BA0076B3AB /* 256x256.png */,
				E0B781991EF704BA0076B3AB /* 32x32.png */,
				E0B7819A1EF704BA0076B3AB /* 48x48.png */,
				E0B7819B1EF704BA0076B3AB /* 512x512.png */,
				E0B7819C1EF704BA0076B3AB /* 64x64.png */,
				E0B7819D1EF704BA0076B3AB /* 96x96.png */,
			);
			path = Icons;
			sourceTree = "<group>";
		};
		E0CADB0B1F2CC17A00AC53E8 /* VolumeLevelIndicatorView */ = {
			isa = PBXGroup;
			children = (
				E0CADB0C1F2CC1A500AC53E8 /* VolumeLevelIndicatorView.h */,
				E0CADB0D1F2CC1A500AC53E8 /* VolumeLevelIndicatorView.m */,
			);
			name = VolumeLevelIndicatorView;
			sourceTree = "<group>";
		};
		E0CADB0F1F2CD2D400AC53E8 /* Volume */ = {
			isa = PBXGroup;
			children = (
				E0CADB101F2CD2F400AC53E8 /* Volume.h */,
				E0CADB111F2CD2F400AC53E8 /* Volume.m */,
			);
			name = Volume;
			sourceTree = "<group>";
		};
/* End PBXGroup section */

/* Begin PBXNativeTarget section */
		306DA1C61BEF965F002CB1C9 /* eqMac2 */ = {
			isa = PBXNativeTarget;
			buildConfigurationList = 306DA1D81BEF965F002CB1C9 /* Build configuration list for PBXNativeTarget "eqMac2" */;
			buildPhases = (
				9E1691950E7383BA8C511F30 /* [CP] Check Pods Manifest.lock */,
				306DA1C31BEF965F002CB1C9 /* Sources */,
				306DA1C41BEF965F002CB1C9 /* Frameworks */,
				306DA1C51BEF965F002CB1C9 /* Resources */,
				E0101BDD1C995D9C008091E9 /* CopyFiles */,
				069EEAEDF585E353EE09BB23 /* [CP] Embed Pods Frameworks */,
				843AE5CDFC657801F95DC474 /* [CP] Copy Pods Resources */,
			);
			buildRules = (
			);
			dependencies = (
			);
			name = eqMac2;
			productName = eqMacPro;
			productReference = 306DA1C71BEF965F002CB1C9 /* eqMac2.app */;
			productType = "com.apple.product-type.application";
		};
/* End PBXNativeTarget section */

/* Begin PBXProject section */
		306DA1BF1BEF965F002CB1C9 /* Project object */ = {
			isa = PBXProject;
			attributes = {
				LastUpgradeCheck = 0700;
				ORGANIZATIONNAME = bitgapp;
				TargetAttributes = {
					306DA1C61BEF965F002CB1C9 = {
						CreatedOnToolsVersion = 7.0.1;
						DevelopmentTeam = JZA6C97KJA;
						ProvisioningStyle = Manual;
					};
				};
			};
			buildConfigurationList = 306DA1C21BEF965F002CB1C9 /* Build configuration list for PBXProject "eqMac2" */;
			compatibilityVersion = "Xcode 3.2";
			developmentRegion = English;
			hasScannedForEncodings = 0;
			knownRegions = (
				en,
				Base,
			);
			mainGroup = 306DA1BE1BEF965F002CB1C9;
			productRefGroup = 306DA1C81BEF965F002CB1C9 /* Products */;
			projectDirPath = "";
			projectRoot = "";
			targets = (
				306DA1C61BEF965F002CB1C9 /* eqMac2 */,
			);
		};
/* End PBXProject section */

/* Begin PBXResourcesBuildPhase section */
		306DA1C51BEF965F002CB1C9 /* Resources */ = {
			isa = PBXResourcesBuildPhase;
			buildActionMask = 2147483647;
			files = (
				E0B781B51EF704BA0076B3AB /* 48x48.png in Resources */,
				E0B5F09D1F25EEE4005C5F46 /* vol3Dark.png in Resources */,
				E0B781501EF704660076B3AB /* eqMac2Driver.kext in Resources */,
				E0B5F0A01F25EEE4005C5F46 /* vol4Light.png in Resources */,
				E0B781B11EF704BA0076B3AB /* 16x16.png in Resources */,
				E0B781B71EF704BA0076B3AB /* 64x64.png in Resources */,
				E0B781581EF704660076B3AB /* uninstall_old.sh in Resources */,
				E0B781B31EF704BA0076B3AB /* 256x256.png in Resources */,
				E0B5F09A1F25EEE4005C5F46 /* vol1Light.png in Resources */,
				E0B781D31EF706700076B3AB /* Main.xib in Resources */,
				E0B5F0951F25EEE4005C5F46 /* statusItemDark.png in Resources */,
				E0B5F08F1F25EEE4005C5F46 /* exitDark.png in Resources */,
				E0B5F0991F25EEE4005C5F46 /* vol1Dark.png in Resources */,
				E0B5F09C1F25EEE4005C5F46 /* vol2Light.png in Resources */,
				E0B781B21EF704BA0076B3AB /* 24x24.png in Resources */,
				E0B7818A1EF704A20076B3AB /* SettingsViewController.xib in Resources */,
				E0B5F09F1F25EEE4005C5F46 /* vol4Dark.png in Resources */,
				E0B5F0901F25EEE4005C5F46 /* exitLight.png in Resources */,
				E0B781871EF704A20076B3AB /* eqViewController.xib in Resources */,
				E0B781B81EF704BA0076B3AB /* 96x96.png in Resources */,
				E0B781B61EF704BA0076B3AB /* 512x512.png in Resources */,
				E0B5F09B1F25EEE4005C5F46 /* vol2Dark.png in Resources */,
				E0B781591EF704660076B3AB /* uninstall_old_install_new.sh in Resources */,
				E0B781CE1EF706670076B3AB /* Info.plist in Resources */,
				E0B5F0961F25EEE4005C5F46 /* statusItemLight.png in Resources */,
				E0B5F0971F25EEE4005C5F46 /* deleteDark.png in Resources */,
				E0B781541EF704660076B3AB /* defaultPresets.plist in Resources */,
				E0B781AD1EF704BA0076B3AB /* blueLine.png in Resources */,
				E0B781561EF704660076B3AB /* install_new.sh in Resources */,
				E0B781B91EF704BA0076B3AB /* redLine.png in Resources */,
				E0B5F09E1F25EEE4005C5F46 /* vol3Light.png in Resources */,
				E0B5F0941F25EEE4005C5F46 /* speakerLight.png in Resources */,
				E0B5F0911F25EEE4005C5F46 /* saveDark.png in Resources */,
				E0B7818E1EF704A20076B3AB /* VolumeWindowController.xib in Resources */,
				E0B5F0931F25EEE4005C5F46 /* speakerDark.png in Resources */,
				E0B781C61EF704BA0076B3AB /* Assets.xcassets in Resources */,
				E0B781571EF704660076B3AB /* uninstall_app.sh in Resources */,
				E0B781B01EF704BA0076B3AB /* 128x128.png in Resources */,
				E0B781AF1EF704BA0076B3AB /* 1024x1024.png in Resources */,
				E0B5F0981F25EEE4005C5F46 /* deleteLight.png in Resources */,
				E0B781B41EF704BA0076B3AB /* 32x32.png in Resources */,
				E0B5F0921F25EEE4005C5F46 /* saveLight.png in Resources */,
			);
			runOnlyForDeploymentPostprocessing = 0;
		};
/* End PBXResourcesBuildPhase section */

/* Begin PBXShellScriptBuildPhase section */
		069EEAEDF585E353EE09BB23 /* [CP] Embed Pods Frameworks */ = {
			isa = PBXShellScriptBuildPhase;
			buildActionMask = 2147483647;
			files = (
			);
			inputPaths = (
			);
			name = "[CP] Embed Pods Frameworks";
			outputPaths = (
			);
			runOnlyForDeploymentPostprocessing = 0;
			shellPath = /bin/sh;
			shellScript = "\"${SRCROOT}/Pods/Target Support Files/Pods-eqMac2/Pods-eqMac2-frameworks.sh\"\n";
			showEnvVarsInLog = 0;
		};
		843AE5CDFC657801F95DC474 /* [CP] Copy Pods Resources */ = {
			isa = PBXShellScriptBuildPhase;
			buildActionMask = 2147483647;
			files = (
			);
			inputPaths = (
			);
			name = "[CP] Copy Pods Resources";
			outputPaths = (
			);
			runOnlyForDeploymentPostprocessing = 0;
			shellPath = /bin/sh;
			shellScript = "\"${SRCROOT}/Pods/Target Support Files/Pods-eqMac2/Pods-eqMac2-resources.sh\"\n";
			showEnvVarsInLog = 0;
		};
		9E1691950E7383BA8C511F30 /* [CP] Check Pods Manifest.lock */ = {
			isa = PBXShellScriptBuildPhase;
			buildActionMask = 2147483647;
			files = (
			);
			inputPaths = (
			);
			name = "[CP] Check Pods Manifest.lock";
			outputPaths = (
			);
			runOnlyForDeploymentPostprocessing = 0;
			shellPath = /bin/sh;
			shellScript = "diff \"${PODS_ROOT}/../Podfile.lock\" \"${PODS_ROOT}/Manifest.lock\" > /dev/null\nif [ $? != 0 ] ; then\n    # print error to STDERR\n    echo \"error: The sandbox is not in sync with the Podfile.lock. Run 'pod install' or update your CocoaPods installation.\" >&2\n    exit 1\nfi\n";
			showEnvVarsInLog = 0;
		};
/* End PBXShellScriptBuildPhase section */

/* Begin PBXSourcesBuildPhase section */
		306DA1C31BEF965F002CB1C9 /* Sources */ = {
			isa = PBXSourcesBuildPhase;
			buildActionMask = 2147483647;
			files = (
				E0B781861EF704A20076B3AB /* eqViewController.mm in Sources */,
				E0CADB0E1F2CC1A500AC53E8 /* VolumeLevelIndicatorView.m in Sources */,
				E0B7818B1EF704A20076B3AB /* eqMacStatusItemView.m in Sources */,
				E0B781551EF704660076B3AB /* Presets.m in Sources */,
				E0B781841EF704A20076B3AB /* CARingBuffer.cpp in Sources */,
				E0CADB121F2CD2F400AC53E8 /* Volume.m in Sources */,
				E0B781891EF704A20076B3AB /* SettingsViewController.mm in Sources */,
				E0B781881EF704A20076B3AB /* SliderGraphView.m in Sources */,
				E0B7814E1EF704660076B3AB /* Constants.m in Sources */,
				E0B7814F1EF704660076B3AB /* Devices.mm in Sources */,
				E0B781521EF704660076B3AB /* EQHost.mm in Sources */,
				E0B781CF1EF706670076B3AB /* main.m in Sources */,
				E0B7818D1EF704A20076B3AB /* VolumeWindowController.mm in Sources */,
				E0B7815B1EF704660076B3AB /* Utilities.m in Sources */,
				E0B7814D1EF704660076B3AB /* API.m in Sources */,
				E0B781D01EF706670076B3AB /* NSAppEventCather.m in Sources */,
				E0B781831EF704A20076B3AB /* AudioDevice.cpp in Sources */,
				E0B781CD1EF706670076B3AB /* AppDelegate.mm in Sources */,
				E0B7815A1EF704660076B3AB /* Storage.m in Sources */,
				E0B781511EF704660076B3AB /* EQEngine.mm in Sources */,
				E0B781851EF704A20076B3AB /* CAStreamBasicDescription.cpp in Sources */,
			);
			runOnlyForDeploymentPostprocessing = 0;
		};
/* End PBXSourcesBuildPhase section */

/* Begin PBXVariantGroup section */
		E0B781D11EF706700076B3AB /* Main.xib */ = {
			isa = PBXVariantGroup;
			children = (
				E0B781D21EF706700076B3AB /* Base */,
			);
			name = Main.xib;
			sourceTree = "<group>";
		};
/* End PBXVariantGroup section */

/* Begin XCBuildConfiguration section */
		306DA1D61BEF965F002CB1C9 /* Debug */ = {
			isa = XCBuildConfiguration;
			buildSettings = {
				ALWAYS_SEARCH_USER_PATHS = NO;
				CLANG_CXX_LANGUAGE_STANDARD = "gnu++0x";
				CLANG_CXX_LIBRARY = "libc++";
				CLANG_ENABLE_MODULES = YES;
				CLANG_ENABLE_OBJC_ARC = YES;
				CLANG_WARN_BOOL_CONVERSION = YES;
				CLANG_WARN_CONSTANT_CONVERSION = YES;
				CLANG_WARN_DIRECT_OBJC_ISA_USAGE = YES_ERROR;
				CLANG_WARN_EMPTY_BODY = YES;
				CLANG_WARN_ENUM_CONVERSION = YES;
				CLANG_WARN_INT_CONVERSION = YES;
				CLANG_WARN_OBJC_ROOT_CLASS = YES_ERROR;
				CLANG_WARN_UNREACHABLE_CODE = YES;
				CLANG_WARN__DUPLICATE_METHOD_MATCH = YES;
				CODE_SIGN_IDENTITY = "-";
				COPY_PHASE_STRIP = NO;
				DEBUG_INFORMATION_FORMAT = dwarf;
				ENABLE_STRICT_OBJC_MSGSEND = YES;
				ENABLE_TESTABILITY = YES;
				GCC_C_LANGUAGE_STANDARD = gnu99;
				GCC_DYNAMIC_NO_PIC = NO;
				GCC_NO_COMMON_BLOCKS = YES;
				GCC_OPTIMIZATION_LEVEL = 0;
				GCC_PREPROCESSOR_DEFINITIONS = (
					"DEBUG=1",
					"$(inherited)",
				);
				GCC_WARN_64_TO_32_BIT_CONVERSION = YES;
				GCC_WARN_ABOUT_RETURN_TYPE = YES_ERROR;
				GCC_WARN_UNDECLARED_SELECTOR = YES;
				GCC_WARN_UNINITIALIZED_AUTOS = YES_AGGRESSIVE;
				GCC_WARN_UNUSED_FUNCTION = YES;
				GCC_WARN_UNUSED_VARIABLE = YES;
				MACOSX_DEPLOYMENT_TARGET = 10.11;
				MTL_ENABLE_DEBUG_INFO = YES;
				ONLY_ACTIVE_ARCH = YES;
				SDKROOT = macosx;
			};
			name = Debug;
		};
		306DA1D71BEF965F002CB1C9 /* Release */ = {
			isa = XCBuildConfiguration;
			buildSettings = {
				ALWAYS_SEARCH_USER_PATHS = NO;
				CLANG_CXX_LANGUAGE_STANDARD = "gnu++0x";
				CLANG_CXX_LIBRARY = "libc++";
				CLANG_ENABLE_MODULES = YES;
				CLANG_ENABLE_OBJC_ARC = YES;
				CLANG_WARN_BOOL_CONVERSION = YES;
				CLANG_WARN_CONSTANT_CONVERSION = YES;
				CLANG_WARN_DIRECT_OBJC_ISA_USAGE = YES_ERROR;
				CLANG_WARN_EMPTY_BODY = YES;
				CLANG_WARN_ENUM_CONVERSION = YES;
				CLANG_WARN_INT_CONVERSION = YES;
				CLANG_WARN_OBJC_ROOT_CLASS = YES_ERROR;
				CLANG_WARN_UNREACHABLE_CODE = YES;
				CLANG_WARN__DUPLICATE_METHOD_MATCH = YES;
				CODE_SIGN_IDENTITY = "-";
				COPY_PHASE_STRIP = NO;
				DEBUG_INFORMATION_FORMAT = "dwarf-with-dsym";
				ENABLE_NS_ASSERTIONS = NO;
				ENABLE_STRICT_OBJC_MSGSEND = YES;
				GCC_C_LANGUAGE_STANDARD = gnu99;
				GCC_NO_COMMON_BLOCKS = YES;
				GCC_WARN_64_TO_32_BIT_CONVERSION = YES;
				GCC_WARN_ABOUT_RETURN_TYPE = YES_ERROR;
				GCC_WARN_UNDECLARED_SELECTOR = YES;
				GCC_WARN_UNINITIALIZED_AUTOS = YES_AGGRESSIVE;
				GCC_WARN_UNUSED_FUNCTION = YES;
				GCC_WARN_UNUSED_VARIABLE = YES;
				MACOSX_DEPLOYMENT_TARGET = 10.11;
				MTL_ENABLE_DEBUG_INFO = NO;
				SDKROOT = macosx;
			};
			name = Release;
		};
		306DA1D91BEF965F002CB1C9 /* Debug */ = {
			isa = XCBuildConfiguration;
			baseConfigurationReference = A44CF14B89CD3E798D15238B /* Pods-eqMac2.debug.xcconfig */;
			buildSettings = {
				ARCHS = "$(ARCHS_STANDARD)";
				ASSETCATALOG_COMPILER_APPICON_NAME = AppIcon;
				CODE_SIGN_IDENTITY = "Developer ID Application";
				COMBINE_HIDPI_IMAGES = YES;
				DEVELOPMENT_TEAM = JZA6C97KJA;
				FRAMEWORK_SEARCH_PATHS = (
					"$(inherited)",
					"$(PROJECT_DIR)",
					"$(PROJECT_DIR)/eqMac",
				);
				GCC_INPUT_FILETYPE = automatic;
				INFOPLIST_FILE = "$(SRCROOT)/Source/Info.plist";
				LD_RUNPATH_SEARCH_PATHS = "$(inherited) @executable_path/../Frameworks @loader_path/../Frameworks";
				MACOSX_DEPLOYMENT_TARGET = 10.10;
				PRODUCT_BUNDLE_IDENTIFIER = com.bitgapp.eqMac2;
				PRODUCT_NAME = "$(TARGET_NAME)";
				PROVISIONING_PROFILE = "436b674f-56fa-48cd-9846-cd9ef65d7a8e";
				PROVISIONING_PROFILE_SPECIFIER = "eqMac2 Distribution";
			};
			name = Debug;
		};
		306DA1DA1BEF965F002CB1C9 /* Release */ = {
			isa = XCBuildConfiguration;
			baseConfigurationReference = 614DEEEB6C06E6431C8B7EC2 /* Pods-eqMac2.release.xcconfig */;
			buildSettings = {
				ARCHS = "$(ARCHS_STANDARD)";
				ASSETCATALOG_COMPILER_APPICON_NAME = AppIcon;
				CODE_SIGN_IDENTITY = "Developer ID Application";
				COMBINE_HIDPI_IMAGES = YES;
				DEVELOPMENT_TEAM = JZA6C97KJA;
				FRAMEWORK_SEARCH_PATHS = (
					"$(inherited)",
					"$(PROJECT_DIR)",
					"$(PROJECT_DIR)/eqMac",
				);
				GCC_INPUT_FILETYPE = automatic;
				INFOPLIST_FILE = "$(SRCROOT)/Source/Info.plist";
				LD_RUNPATH_SEARCH_PATHS = "$(inherited) @executable_path/../Frameworks @loader_path/../Frameworks";
				MACOSX_DEPLOYMENT_TARGET = 10.10;
				PRODUCT_BUNDLE_IDENTIFIER = com.bitgapp.eqMac2;
				PRODUCT_NAME = "$(TARGET_NAME)";
				PROVISIONING_PROFILE = "436b674f-56fa-48cd-9846-cd9ef65d7a8e";
				PROVISIONING_PROFILE_SPECIFIER = "eqMac2 Distribution";
			};
			name = Release;
		};
/* End XCBuildConfiguration section */

/* Begin XCConfigurationList section */
		306DA1C21BEF965F002CB1C9 /* Build configuration list for PBXProject "eqMac2" */ = {
			isa = XCConfigurationList;
			buildConfigurations = (
				306DA1D61BEF965F002CB1C9 /* Debug */,
				306DA1D71BEF965F002CB1C9 /* Release */,
			);
			defaultConfigurationIsVisible = 0;
			defaultConfigurationName = Release;
		};
		306DA1D81BEF965F002CB1C9 /* Build configuration list for PBXNativeTarget "eqMac2" */ = {
			isa = XCConfigurationList;
			buildConfigurations = (
				306DA1D91BEF965F002CB1C9 /* Debug */,
				306DA1DA1BEF965F002CB1C9 /* Release */,
			);
			defaultConfigurationIsVisible = 0;
			defaultConfigurationName = Release;
		};
/* End XCConfigurationList section */
	};
	rootObject = 306DA1BF1BEF965F002CB1C9 /* Project object */;
}
