// !$*UTF8*$!
{
	archiveVersion = 1;
	classes = {
	};
	objectVersion = 52;
	objects = {

/* Begin PBXBuildFile section */
		7838E35226C897560039D466 /* SharedConstants.swift in Sources */ = {isa = PBXBuildFile; fileRef = 7838E34E26C897560039D466 /* SharedConstants.swift */; };
		7838E35326C897560039D466 /* AudioObjectPropertySelectorExtensions.swift in Sources */ = {isa = PBXBuildFile; fileRef = 7838E34F26C897560039D466 /* AudioObjectPropertySelectorExtensions.swift */; };
		7838E35426C897560039D466 /* StringExtensions.swift in Sources */ = {isa = PBXBuildFile; fileRef = 7838E35026C897560039D466 /* StringExtensions.swift */; };
		7838E35526C897560039D466 /* NumericTypesConversions.swift in Sources */ = {isa = PBXBuildFile; fileRef = 7838E35126C897560039D466 /* NumericTypesConversions.swift */; };
		78A8049E26C4866D0021981C /* EQMDriverBridge.m in Sources */ = {isa = PBXBuildFile; fileRef = 78A8049D26C4866D0021981C /* EQMDriverBridge.m */; };
		78A804D726C4903E0021981C /* EQMDriver.swift in Sources */ = {isa = PBXBuildFile; fileRef = 78A804D626C4903E0021981C /* EQMDriver.swift */; };
		78A804DD26C563860021981C /* Constants.swift in Sources */ = {isa = PBXBuildFile; fileRef = 78A804DC26C563860021981C /* Constants.swift */; };
		78A804E026C5676D0021981C /* EQMPlugIn.swift in Sources */ = {isa = PBXBuildFile; fileRef = 78A804DF26C5676D0021981C /* EQMPlugIn.swift */; };
		78A804E426C58F3C0021981C /* Atomics in Frameworks */ = {isa = PBXBuildFile; productRef = 78A804E326C58F3C0021981C /* Atomics */; };
		78A804E726C595D80021981C /* EQMBox.swift in Sources */ = {isa = PBXBuildFile; fileRef = 78A804E626C595D80021981C /* EQMBox.swift */; };
		78A804EA26C596080021981C /* EQMDevice.swift in Sources */ = {isa = PBXBuildFile; fileRef = 78A804E926C596080021981C /* EQMDevice.swift */; };
		78A8050326C5F4810021981C /* ObjectProtocol.swift in Sources */ = {isa = PBXBuildFile; fileRef = 78A8050226C5F4810021981C /* ObjectProtocol.swift */; };
		E01A29F82456E50500369F41 /* CoreFoundation.framework in Frameworks */ = {isa = PBXBuildFile; fileRef = E01A29F72456E50500369F41 /* CoreFoundation.framework */; };
		E0DAAFBD21FE545F00DCCCEC /* icon.icns in Resources */ = {isa = PBXBuildFile; fileRef = E0DAAFBC21FE545F00DCCCEC /* icon.icns */; };
/* End PBXBuildFile section */

/* Begin PBXFileReference section */
		1CB8B3641BBBB78D000E2DD1 /* eqMac.driver */ = {isa = PBXFileReference; explicitFileType = wrapper.cfbundle; includeInIndex = 0; path = eqMac.driver; sourceTree = BUILT_PRODUCTS_DIR; };
		1CB8B3681BBBB78D000E2DD1 /* Info.plist */ = {isa = PBXFileReference; lastKnownFileType = text.plist.xml; path = Info.plist; sourceTree = "<group>"; };
		7838E34E26C897560039D466 /* SharedConstants.swift */ = {isa = PBXFileReference; fileEncoding = 4; lastKnownFileType = sourcecode.swift; name = SharedConstants.swift; path = ../shared/SharedConstants.swift; sourceTree = "<group>"; };
		7838E34F26C897560039D466 /* AudioObjectPropertySelectorExtensions.swift */ = {isa = PBXFileReference; fileEncoding = 4; lastKnownFileType = sourcecode.swift; name = AudioObjectPropertySelectorExtensions.swift; path = ../shared/AudioObjectPropertySelectorExtensions.swift; sourceTree = "<group>"; };
		7838E35026C897560039D466 /* StringExtensions.swift */ = {isa = PBXFileReference; fileEncoding = 4; lastKnownFileType = sourcecode.swift; name = StringExtensions.swift; path = ../shared/StringExtensions.swift; sourceTree = "<group>"; };
		7838E35126C897560039D466 /* NumericTypesConversions.swift */ = {isa = PBXFileReference; fileEncoding = 4; lastKnownFileType = sourcecode.swift; name = NumericTypesConversions.swift; path = ../shared/NumericTypesConversions.swift; sourceTree = "<group>"; };
		78A8049D26C4866D0021981C /* EQMDriverBridge.m */ = {isa = PBXFileReference; lastKnownFileType = sourcecode.c.objc; path = EQMDriverBridge.m; sourceTree = "<group>"; };
		78A804A026C486820021981C /* EQMDriverBridge.h */ = {isa = PBXFileReference; lastKnownFileType = sourcecode.c.h; path = EQMDriverBridge.h; sourceTree = "<group>"; };
		78A804D526C4903E0021981C /* EQMDriver-Bridging-Header.h */ = {isa = PBXFileReference; lastKnownFileType = sourcecode.c.h; path = "EQMDriver-Bridging-Header.h"; sourceTree = "<group>"; };
		78A804D626C4903E0021981C /* EQMDriver.swift */ = {isa = PBXFileReference; lastKnownFileType = sourcecode.swift; path = EQMDriver.swift; sourceTree = "<group>"; };
		78A804DC26C563860021981C /* Constants.swift */ = {isa = PBXFileReference; lastKnownFileType = sourcecode.swift; path = Constants.swift; sourceTree = "<group>"; };
		78A804DF26C5676D0021981C /* EQMPlugIn.swift */ = {isa = PBXFileReference; lastKnownFileType = sourcecode.swift; path = EQMPlugIn.swift; sourceTree = "<group>"; };
		78A804E626C595D80021981C /* EQMBox.swift */ = {isa = PBXFileReference; lastKnownFileType = sourcecode.swift; path = EQMBox.swift; sourceTree = "<group>"; };
		78A804E926C596080021981C /* EQMDevice.swift */ = {isa = PBXFileReference; lastKnownFileType = sourcecode.swift; path = EQMDevice.swift; sourceTree = "<group>"; };
		78A8050226C5F4810021981C /* ObjectProtocol.swift */ = {isa = PBXFileReference; lastKnownFileType = sourcecode.swift; path = ObjectProtocol.swift; sourceTree = "<group>"; };
		E01A29F72456E50500369F41 /* CoreFoundation.framework */ = {isa = PBXFileReference; lastKnownFileType = wrapper.framework; name = CoreFoundation.framework; path = System/Library/Frameworks/CoreFoundation.framework; sourceTree = SDKROOT; };
		E0DAAFBC21FE545F00DCCCEC /* icon.icns */ = {isa = PBXFileReference; lastKnownFileType = image.icns; path = icon.icns; sourceTree = "<group>"; };
		E0FA2BB021FBB917001C99CD /* build.sh */ = {isa = PBXFileReference; lastKnownFileType = text.script.sh; path = build.sh; sourceTree = "<group>"; };
/* End PBXFileReference section */

/* Begin PBXFrameworksBuildPhase section */
		1CB8B3611BBBB78D000E2DD1 /* Frameworks */ = {
			isa = PBXFrameworksBuildPhase;
			buildActionMask = 2147483647;
			files = (
				E01A29F82456E50500369F41 /* CoreFoundation.framework in Frameworks */,
				78A804E426C58F3C0021981C /* Atomics in Frameworks */,
			);
			runOnlyForDeploymentPostprocessing = 0;
		};
/* End PBXFrameworksBuildPhase section */

/* Begin PBXGroup section */
		1CB8B3591BBBB69C000E2DD1 = {
			isa = PBXGroup;
			children = (
				7838E34D26C897450039D466 /* Shared */,
				1CB8B3661BBBB78D000E2DD1 /* Source */,
				E0FA2BAF21FBB917001C99CD /* Scripts */,
				1CB8B3651BBBB78D000E2DD1 /* Products */,
				1CB8B3671BBBB78D000E2DD1 /* Supporting Files */,
				E00879C7237EC3D3006AACF8 /* Frameworks */,
			);
			sourceTree = "<group>";
		};
		1CB8B3651BBBB78D000E2DD1 /* Products */ = {
			isa = PBXGroup;
			children = (
				1CB8B3641BBBB78D000E2DD1 /* eqMac.driver */,
			);
			name = Products;
			sourceTree = "<group>";
		};
		1CB8B3661BBBB78D000E2DD1 /* Source */ = {
			isa = PBXGroup;
			children = (
				78A8049C26C486350021981C /* Bridge */,
				78A804DC26C563860021981C /* Constants.swift */,
				78A804D626C4903E0021981C /* EQMDriver.swift */,
				78A804DF26C5676D0021981C /* EQMPlugIn.swift */,
				78A804E626C595D80021981C /* EQMBox.swift */,
				78A804E926C596080021981C /* EQMDevice.swift */,
				78A8050226C5F4810021981C /* ObjectProtocol.swift */,
			);
			path = Source;
			sourceTree = "<group>";
		};
		1CB8B3671BBBB78D000E2DD1 /* Supporting Files */ = {
			isa = PBXGroup;
			children = (
				E0DAAFBC21FE545F00DCCCEC /* icon.icns */,
				1CB8B3681BBBB78D000E2DD1 /* Info.plist */,
			);
			path = "Supporting Files";
			sourceTree = "<group>";
		};
		7838E34D26C897450039D466 /* Shared */ = {
			isa = PBXGroup;
			children = (
				7838E34F26C897560039D466 /* AudioObjectPropertySelectorExtensions.swift */,
				7838E35126C897560039D466 /* NumericTypesConversions.swift */,
				7838E34E26C897560039D466 /* SharedConstants.swift */,
				7838E35026C897560039D466 /* StringExtensions.swift */,
			);
			name = Shared;
			sourceTree = "<group>";
		};
		78A8049C26C486350021981C /* Bridge */ = {
			isa = PBXGroup;
			children = (
				78A804D526C4903E0021981C /* EQMDriver-Bridging-Header.h */,
				78A8049D26C4866D0021981C /* EQMDriverBridge.m */,
				78A804A026C486820021981C /* EQMDriverBridge.h */,
			);
			path = Bridge;
			sourceTree = "<group>";
		};
		E00879C7237EC3D3006AACF8 /* Frameworks */ = {
			isa = PBXGroup;
			children = (
				E01A29F72456E50500369F41 /* CoreFoundation.framework */,
			);
			name = Frameworks;
			sourceTree = "<group>";
		};
		E0FA2BAF21FBB917001C99CD /* Scripts */ = {
			isa = PBXGroup;
			children = (
				E0FA2BB021FBB917001C99CD /* build.sh */,
			);
			path = Scripts;
			sourceTree = "<group>";
		};
/* End PBXGroup section */

/* Begin PBXNativeTarget section */
		1CB8B3631BBBB78D000E2DD1 /* eqMac */ = {
			isa = PBXNativeTarget;
			buildConfigurationList = 1CB8B3691BBBB78D000E2DD1 /* Build configuration list for PBXNativeTarget "eqMac" */;
			buildPhases = (
				1CB8B3601BBBB78D000E2DD1 /* Sources */,
				1CB8B3611BBBB78D000E2DD1 /* Frameworks */,
				1CB8B3621BBBB78D000E2DD1 /* Resources */,
				E0267AFF218BA84900FB2E5A /* ShellScript */,
			);
			buildRules = (
			);
			dependencies = (
			);
			name = eqMac;
			packageProductDependencies = (
				78A804E326C58F3C0021981C /* Atomics */,
			);
			productName = EQMDriver;
			productReference = 1CB8B3641BBBB78D000E2DD1 /* eqMac.driver */;
			productType = "com.apple.product-type.bundle";
		};
/* End PBXNativeTarget section */

/* Begin PBXProject section */
		1CB8B35A1BBBB69C000E2DD1 /* Project object */ = {
			isa = PBXProject;
			attributes = {
				CLASSPREFIX = EQM_;
				LastUpgradeCheck = 0900;
				ORGANIZATIONNAME = Bitgapp;
				TargetAttributes = {
					1CB8B3631BBBB78D000E2DD1 = {
						CreatedOnToolsVersion = 6.4;
						DevelopmentTeam = JZA6C97KJA;
						LastSwiftMigration = 1240;
						ProvisioningStyle = Manual;
					};
				};
			};
			buildConfigurationList = 1CB8B35D1BBBB69C000E2DD1 /* Build configuration list for PBXProject "Driver" */;
			compatibilityVersion = "Xcode 6.3";
			developmentRegion = English;
			hasScannedForEncodings = 0;
			knownRegions = (
				English,
				en,
			);
			mainGroup = 1CB8B3591BBBB69C000E2DD1;
			packageReferences = (
				78A804E226C58F3C0021981C /* XCRemoteSwiftPackageReference "swift-atomics" */,
			);
			productRefGroup = 1CB8B3651BBBB78D000E2DD1 /* Products */;
			projectDirPath = "";
			projectRoot = "";
			targets = (
				1CB8B3631BBBB78D000E2DD1 /* eqMac */,
			);
		};
/* End PBXProject section */

/* Begin PBXResourcesBuildPhase section */
		1CB8B3621BBBB78D000E2DD1 /* Resources */ = {
			isa = PBXResourcesBuildPhase;
			buildActionMask = 2147483647;
			files = (
				E0DAAFBD21FE545F00DCCCEC /* icon.icns in Resources */,
			);
			runOnlyForDeploymentPostprocessing = 0;
		};
/* End PBXResourcesBuildPhase section */

/* Begin PBXShellScriptBuildPhase section */
		E0267AFF218BA84900FB2E5A /* ShellScript */ = {
			isa = PBXShellScriptBuildPhase;
			buildActionMask = 2147483647;
			files = (
			);
			inputFileListPaths = (
			);
			inputPaths = (
			);
			outputFileListPaths = (
			);
			outputPaths = (
			);
			runOnlyForDeploymentPostprocessing = 0;
			shellPath = /bin/sh;
			shellScript = "#./Scripts/build.sh\n";
		};
/* End PBXShellScriptBuildPhase section */

/* Begin PBXSourcesBuildPhase section */
		1CB8B3601BBBB78D000E2DD1 /* Sources */ = {
			isa = PBXSourcesBuildPhase;
			buildActionMask = 2147483647;
			files = (
				78A8049E26C4866D0021981C /* EQMDriverBridge.m in Sources */,
				78A804D726C4903E0021981C /* EQMDriver.swift in Sources */,
				7838E35426C897560039D466 /* StringExtensions.swift in Sources */,
				7838E35326C897560039D466 /* AudioObjectPropertySelectorExtensions.swift in Sources */,
				78A8050326C5F4810021981C /* ObjectProtocol.swift in Sources */,
				78A804E026C5676D0021981C /* EQMPlugIn.swift in Sources */,
				7838E35226C897560039D466 /* SharedConstants.swift in Sources */,
				78A804EA26C596080021981C /* EQMDevice.swift in Sources */,
				78A804DD26C563860021981C /* Constants.swift in Sources */,
				7838E35526C897560039D466 /* NumericTypesConversions.swift in Sources */,
				78A804E726C595D80021981C /* EQMBox.swift in Sources */,
			);
			runOnlyForDeploymentPostprocessing = 0;
		};
/* End PBXSourcesBuildPhase section */

/* Begin XCBuildConfiguration section */
		1CB8B35E1BBBB69C000E2DD1 /* Debug */ = {
			isa = XCBuildConfiguration;
			buildSettings = {
				ALWAYS_SEARCH_USER_PATHS = NO;
				CLANG_ANALYZER_NONNULL = YES;
				CLANG_ANALYZER_SECURITY_FLOATLOOPCOUNTER = YES;
				CLANG_ANALYZER_SECURITY_INSECUREAPI_RAND = YES;
				CLANG_ANALYZER_SECURITY_INSECUREAPI_STRCPY = YES;
				CLANG_CXX_LANGUAGE_STANDARD = "c++0x";
				CLANG_CXX_LIBRARY = "libc++";
				CLANG_ENABLE_OBJC_ARC = YES;
				CLANG_WARN_ASSIGN_ENUM = YES;
				CLANG_WARN_BLOCK_CAPTURE_AUTORELEASING = YES;
				CLANG_WARN_COMMA = YES;
				CLANG_WARN_DEPRECATED_OBJC_IMPLEMENTATIONS = YES;
				CLANG_WARN_EMPTY_BODY = YES;
				CLANG_WARN_IMPLICIT_SIGN_CONVERSION = YES;
				CLANG_WARN_INFINITE_RECURSION = YES;
				CLANG_WARN_NULLABLE_TO_NONNULL_CONVERSION = YES;
				CLANG_WARN_OBJC_IMPLICIT_RETAIN_SELF = YES;
				CLANG_WARN_OBJC_REPEATED_USE_OF_WEAK = YES;
				CLANG_WARN_RANGE_LOOP_ANALYSIS = YES;
				CLANG_WARN_STRICT_PROTOTYPES = YES;
				CLANG_WARN_SUSPICIOUS_IMPLICIT_CONVERSION = YES;
				CLANG_WARN_SUSPICIOUS_MOVE = YES;
				CLANG_WARN_UNREACHABLE_CODE = YES;
				CLANG_WARN__DUPLICATE_METHOD_MATCH = YES;
				CLANG_WARN__EXIT_TIME_DESTRUCTORS = YES;
				DEAD_CODE_STRIPPING = YES;
				ENABLE_STRICT_OBJC_MSGSEND = YES;
				ENABLE_TESTABILITY = YES;
				GCC_C_LANGUAGE_STANDARD = c11;
				GCC_NO_COMMON_BLOCKS = YES;
				GCC_OPTIMIZATION_LEVEL = 0;
				GCC_PREPROCESSOR_DEFINITIONS = (
					"DEBUG=1",
					"CoreAudio_Debug=1",
					"CoreAudio_UseSysLog=1",
					"CoreAudio_StopOnAssert=1",
					"CoreAudio_ThreadStampMessages=0",
				);
				GCC_TREAT_WARNINGS_AS_ERRORS = YES;
				GCC_WARN_64_TO_32_BIT_CONVERSION = YES;
				GCC_WARN_ABOUT_MISSING_FIELD_INITIALIZERS = YES;
				GCC_WARN_ABOUT_MISSING_NEWLINE = YES;
				GCC_WARN_ABOUT_MISSING_PROTOTYPES = YES;
				GCC_WARN_ABOUT_RETURN_TYPE = YES;
				GCC_WARN_HIDDEN_VIRTUAL_FUNCTIONS = YES;
				GCC_WARN_INITIALIZER_NOT_FULLY_BRACKETED = YES;
				GCC_WARN_NON_VIRTUAL_DESTRUCTOR = YES;
				GCC_WARN_SHADOW = YES;
				GCC_WARN_SIGN_COMPARE = YES;
				GCC_WARN_STRICT_SELECTOR_MATCH = YES;
				GCC_WARN_UNDECLARED_SELECTOR = YES;
				GCC_WARN_UNINITIALIZED_AUTOS = YES_AGGRESSIVE;
				GCC_WARN_UNUSED_FUNCTION = YES;
				GCC_WARN_UNUSED_LABEL = YES;
				GCC_WARN_UNUSED_PARAMETER = YES;
				GCC_WARN_UNUSED_VARIABLE = YES;
				MACOSX_DEPLOYMENT_TARGET = 10.10;
				ONLY_ACTIVE_ARCH = YES;
				RUN_CLANG_STATIC_ANALYZER = YES;
				SDKROOT = macosx;
				WARNING_CFLAGS = "-Wpartial-availability";
			};
			name = Debug;
		};
		1CB8B35F1BBBB69C000E2DD1 /* Release */ = {
			isa = XCBuildConfiguration;
			buildSettings = {
				ALWAYS_SEARCH_USER_PATHS = NO;
				CLANG_ANALYZER_NONNULL = YES;
				CLANG_ANALYZER_SECURITY_FLOATLOOPCOUNTER = YES;
				CLANG_ANALYZER_SECURITY_INSECUREAPI_RAND = YES;
				CLANG_ANALYZER_SECURITY_INSECUREAPI_STRCPY = YES;
				CLANG_CXX_LANGUAGE_STANDARD = "c++0x";
				CLANG_CXX_LIBRARY = "libc++";
				CLANG_ENABLE_OBJC_ARC = YES;
				CLANG_WARN_ASSIGN_ENUM = YES;
				CLANG_WARN_BLOCK_CAPTURE_AUTORELEASING = YES;
				CLANG_WARN_COMMA = YES;
				CLANG_WARN_DEPRECATED_OBJC_IMPLEMENTATIONS = YES;
				CLANG_WARN_EMPTY_BODY = YES;
				CLANG_WARN_IMPLICIT_SIGN_CONVERSION = YES;
				CLANG_WARN_INFINITE_RECURSION = YES;
				CLANG_WARN_NULLABLE_TO_NONNULL_CONVERSION = YES;
				CLANG_WARN_OBJC_IMPLICIT_RETAIN_SELF = YES;
				CLANG_WARN_OBJC_REPEATED_USE_OF_WEAK = YES;
				CLANG_WARN_RANGE_LOOP_ANALYSIS = YES;
				CLANG_WARN_STRICT_PROTOTYPES = YES;
				CLANG_WARN_SUSPICIOUS_IMPLICIT_CONVERSION = YES;
				CLANG_WARN_SUSPICIOUS_MOVE = YES;
				CLANG_WARN_UNREACHABLE_CODE = YES;
				CLANG_WARN__DUPLICATE_METHOD_MATCH = YES;
				CLANG_WARN__EXIT_TIME_DESTRUCTORS = YES;
				DEAD_CODE_STRIPPING = YES;
				ENABLE_NS_ASSERTIONS = NO;
				ENABLE_STRICT_OBJC_MSGSEND = YES;
				GCC_C_LANGUAGE_STANDARD = c11;
				GCC_NO_COMMON_BLOCKS = YES;
				GCC_OPTIMIZATION_LEVEL = 3;
				GCC_PREPROCESSOR_DEFINITIONS = (
					"DEBUG=0",
					"CoreAudio_Debug=0",
					"CoreAudio_UseSysLog=1",
					"CoreAudio_StopOnAssert=0",
					"CoreAudio_ThreadStampMessages=0",
				);
				GCC_TREAT_WARNINGS_AS_ERRORS = YES;
				GCC_WARN_64_TO_32_BIT_CONVERSION = YES;
				GCC_WARN_ABOUT_MISSING_FIELD_INITIALIZERS = YES;
				GCC_WARN_ABOUT_MISSING_NEWLINE = YES;
				GCC_WARN_ABOUT_MISSING_PROTOTYPES = YES;
				GCC_WARN_ABOUT_RETURN_TYPE = YES;
				GCC_WARN_HIDDEN_VIRTUAL_FUNCTIONS = YES;
				GCC_WARN_INITIALIZER_NOT_FULLY_BRACKETED = YES;
				GCC_WARN_NON_VIRTUAL_DESTRUCTOR = YES;
				GCC_WARN_SHADOW = YES;
				GCC_WARN_SIGN_COMPARE = YES;
				GCC_WARN_STRICT_SELECTOR_MATCH = YES;
				GCC_WARN_UNDECLARED_SELECTOR = YES;
				GCC_WARN_UNINITIALIZED_AUTOS = YES_AGGRESSIVE;
				GCC_WARN_UNUSED_FUNCTION = YES;
				GCC_WARN_UNUSED_LABEL = YES;
				GCC_WARN_UNUSED_PARAMETER = YES;
				GCC_WARN_UNUSED_VARIABLE = YES;
				MACOSX_DEPLOYMENT_TARGET = 10.10;
				RUN_CLANG_STATIC_ANALYZER = YES;
				SDKROOT = macosx;
				WARNING_CFLAGS = "-Wpartial-availability";
			};
			name = Release;
		};
		1CB8B36A1BBBB78D000E2DD1 /* Debug */ = {
			isa = XCBuildConfiguration;
			buildSettings = {
				ALWAYS_EMBED_SWIFT_STANDARD_LIBRARIES = YES;
				ALWAYS_SEARCH_USER_PATHS = NO;
				CLANG_CXX_LANGUAGE_STANDARD = "gnu++14";
				CLANG_ENABLE_MODULES = YES;
				CLANG_ENABLE_OBJC_ARC = YES;
				CLANG_WARN_ASSIGN_ENUM = NO;
				CLANG_WARN_BOOL_CONVERSION = YES;
				CLANG_WARN_CONSTANT_CONVERSION = YES;
				CLANG_WARN_EMPTY_BODY = YES;
				CLANG_WARN_ENUM_CONVERSION = YES;
				CLANG_WARN_IMPLICIT_SIGN_CONVERSION = NO;
				CLANG_WARN_INT_CONVERSION = YES;
				CLANG_WARN_NON_LITERAL_NULL_CONVERSION = YES;
				CLANG_WARN_QUOTED_INCLUDE_IN_FRAMEWORK_HEADER = YES;
				CLANG_WARN_SUSPICIOUS_IMPLICIT_CONVERSION = NO;
				CLANG_WARN_UNREACHABLE_CODE = YES;
				CODE_SIGN_IDENTITY = "Developer ID Application";
				CODE_SIGN_STYLE = Manual;
				COMBINE_HIDPI_IMAGES = YES;
				CURRENT_PROJECT_VERSION = 1.2.3;
				DEAD_CODE_STRIPPING = NO;
				DEBUG_INFORMATION_FORMAT = dwarf;
				DEFINES_MODULE = YES;
				DEVELOPMENT_TEAM = JZA6C97KJA;
				ENABLE_NS_ASSERTIONS = YES;
				GCC_C_LANGUAGE_STANDARD = gnu11;
				GCC_DYNAMIC_NO_PIC = NO;
				GCC_ENABLE_CPP_RTTI = YES;
				GCC_INLINES_ARE_PRIVATE_EXTERN = NO;
				GCC_PREPROCESSOR_DEFINITIONS = "";
				GCC_TREAT_WARNINGS_AS_ERRORS = NO;
				GCC_WARN_64_TO_32_BIT_CONVERSION = YES;
				GCC_WARN_ABOUT_RETURN_TYPE = YES;
				GCC_WARN_UNINITIALIZED_AUTOS = YES;
				GCC_WARN_UNKNOWN_PRAGMAS = YES;
				GCC_WARN_UNUSED_FUNCTION = YES;
				GCC_WARN_UNUSED_VARIABLE = YES;
				INFOPLIST_FILE = "$(SRCROOT)/Supporting Files/Info.plist";
				INSTALL_PATH = "$(LOCAL_LIBRARY_DIR)/Audio/Plug-Ins/HAL";
				IPHONEOS_DEPLOYMENT_TARGET = "";
				LD_RUNPATH_SEARCH_PATHS = (
					"$(inherited)",
					"@executable_path/../Frameworks",
					"@loader_path/../Frameworks",
				);
				MACOSX_DEPLOYMENT_TARGET = 10.10;
				MARKETING_VERSION = 1.2.3;
				MTL_ENABLE_DEBUG_INFO = YES;
				ONLY_ACTIVE_ARCH = YES;
				OTHER_CODE_SIGN_FLAGS = "";
				PRODUCT_BUNDLE_IDENTIFIER = com.bitgapp.eqmac.driver;
				PRODUCT_NAME = "$(TARGET_NAME)";
				PROVISIONING_PROFILE_SPECIFIER = "";
				SDKROOT = macosx;
				SKIP_INSTALL = NO;
				SWIFT_OBJC_BRIDGING_HEADER = "Source/Bridge/EQMDriver-Bridging-Header.h";
				SWIFT_OPTIMIZATION_LEVEL = "-Onone";
				SWIFT_VERSION = 5.0;
				TVOS_DEPLOYMENT_TARGET = "";
				WARNING_CFLAGS = "";
				WATCHOS_DEPLOYMENT_TARGET = "";
				WRAPPER_EXTENSION = driver;
			};
			name = Debug;
		};
		1CB8B36B1BBBB78D000E2DD1 /* Release */ = {
			isa = XCBuildConfiguration;
			buildSettings = {
				ALWAYS_EMBED_SWIFT_STANDARD_LIBRARIES = YES;
				ALWAYS_SEARCH_USER_PATHS = NO;
				CLANG_CXX_LANGUAGE_STANDARD = "gnu++14";
				CLANG_ENABLE_MODULES = YES;
				CLANG_ENABLE_OBJC_ARC = YES;
				CLANG_WARN_ASSIGN_ENUM = NO;
				CLANG_WARN_BOOL_CONVERSION = YES;
				CLANG_WARN_CONSTANT_CONVERSION = YES;
				CLANG_WARN_EMPTY_BODY = YES;
				CLANG_WARN_ENUM_CONVERSION = YES;
				CLANG_WARN_IMPLICIT_SIGN_CONVERSION = NO;
				CLANG_WARN_INT_CONVERSION = YES;
				CLANG_WARN_NON_LITERAL_NULL_CONVERSION = YES;
				CLANG_WARN_QUOTED_INCLUDE_IN_FRAMEWORK_HEADER = YES;
				CLANG_WARN_SUSPICIOUS_IMPLICIT_CONVERSION = NO;
				CLANG_WARN_UNREACHABLE_CODE = YES;
				CODE_SIGN_IDENTITY = "Developer ID Application";
				CODE_SIGN_STYLE = Manual;
				COMBINE_HIDPI_IMAGES = YES;
				CURRENT_PROJECT_VERSION = 1.2.3;
				DEAD_CODE_STRIPPING = NO;
				DEBUG_INFORMATION_FORMAT = "dwarf-with-dsym";
				DEFINES_MODULE = YES;
				DEVELOPMENT_TEAM = JZA6C97KJA;
				ENABLE_NS_ASSERTIONS = YES;
				GCC_C_LANGUAGE_STANDARD = gnu11;
				GCC_ENABLE_CPP_RTTI = YES;
				GCC_INLINES_ARE_PRIVATE_EXTERN = NO;
				GCC_PREPROCESSOR_DEFINITIONS = "";
				GCC_TREAT_WARNINGS_AS_ERRORS = NO;
				GCC_WARN_64_TO_32_BIT_CONVERSION = YES;
				GCC_WARN_ABOUT_RETURN_TYPE = YES;
				GCC_WARN_UNINITIALIZED_AUTOS = YES;
				GCC_WARN_UNKNOWN_PRAGMAS = YES;
				GCC_WARN_UNUSED_FUNCTION = YES;
				GCC_WARN_UNUSED_VARIABLE = YES;
				INFOPLIST_FILE = "$(SRCROOT)/Supporting Files/Info.plist";
				INSTALL_PATH = "$(LOCAL_LIBRARY_DIR)/Audio/Plug-Ins/HAL";
				IPHONEOS_DEPLOYMENT_TARGET = "";
				LD_RUNPATH_SEARCH_PATHS = (
					"$(inherited)",
					"@executable_path/../Frameworks",
					"@loader_path/../Frameworks",
				);
				MACOSX_DEPLOYMENT_TARGET = 10.10;
				MARKETING_VERSION = 1.2.3;
				MTL_ENABLE_DEBUG_INFO = NO;
				OTHER_CODE_SIGN_FLAGS = "--timestamp";
				PRODUCT_BUNDLE_IDENTIFIER = com.bitgapp.eqmac.driver;
				PRODUCT_NAME = "$(TARGET_NAME)";
				PROVISIONING_PROFILE_SPECIFIER = "";
				SDKROOT = macosx;
				SKIP_INSTALL = NO;
				SWIFT_OBJC_BRIDGING_HEADER = "Source/Bridge/EQMDriver-Bridging-Header.h";
				SWIFT_VERSION = 5.0;
				TVOS_DEPLOYMENT_TARGET = "";
				WARNING_CFLAGS = "";
				WATCHOS_DEPLOYMENT_TARGET = "";
				WRAPPER_EXTENSION = driver;
			};
			name = Release;
		};
/* End XCBuildConfiguration section */

/* Begin XCConfigurationList section */
		1CB8B35D1BBBB69C000E2DD1 /* Build configuration list for PBXProject "Driver" */ = {
			isa = XCConfigurationList;
			buildConfigurations = (
				1CB8B35E1BBBB69C000E2DD1 /* Debug */,
				1CB8B35F1BBBB69C000E2DD1 /* Release */,
			);
			defaultConfigurationIsVisible = 0;
			defaultConfigurationName = Release;
		};
		1CB8B3691BBBB78D000E2DD1 /* Build configuration list for PBXNativeTarget "eqMac" */ = {
			isa = XCConfigurationList;
			buildConfigurations = (
				1CB8B36A1BBBB78D000E2DD1 /* Debug */,
				1CB8B36B1BBBB78D000E2DD1 /* Release */,
			);
			defaultConfigurationIsVisible = 0;
			defaultConfigurationName = Release;
		};
/* End XCConfigurationList section */

/* Begin XCRemoteSwiftPackageReference section */
		78A804E226C58F3C0021981C /* XCRemoteSwiftPackageReference "swift-atomics" */ = {
			isa = XCRemoteSwiftPackageReference;
			repositoryURL = "https://github.com/apple/swift-atomics.git";
			requirement = {
				kind = upToNextMajorVersion;
				minimumVersion = 0.0.3;
			};
		};
/* End XCRemoteSwiftPackageReference section */

/* Begin XCSwiftPackageProductDependency section */
		78A804E326C58F3C0021981C /* Atomics */ = {
			isa = XCSwiftPackageProductDependency;
			package = 78A804E226C58F3C0021981C /* XCRemoteSwiftPackageReference "swift-atomics" */;
			productName = Atomics;
		};
/* End XCSwiftPackageProductDependency section */
	};
	rootObject = 1CB8B35A1BBBB69C000E2DD1 /* Project object */;
}
