PODS:
  - Alamofire (5.1.0)
  - AMCoreAudio (3.3.1)
  - AudioKit (4.9.5):
    - AudioKit/Core (= 4.9.5)
    - AudioKit/UI (= 4.9.5)
  - AudioKit/Core (4.9.5)
  - AudioKit/UI (4.9.5):
    - AudioKit/Core
  - CocoaAsyncSocket (7.6.4)
  - Criollo (0.5.5):
    - CocoaAsyncSocket (~> 7.6)
  - EmitterKit (5.2.2)
  - KeychainSwift (13.0.0)
  - ReSwift (5.0.0)
  - Sentry (4.5.0):
    - Sentry/Core (= 4.5.0)
  - Sentry/Core (4.5.0)
  - Sparkle (1.23.0)
  - STPrivilegedTask (1.0.7)
  - SwiftLint (0.39.2)
  - SwiftyJSON (4.3.0)
  - SwiftyUserDefaults (4.0.0)
  - WebViewJavascriptBridge (6.0.3)
  - Zip (1.1.0)

DEPENDENCIES:
  - Alamofire (~> 5.1)
  - AMCoreAudio (~> 3.3.1)
  - AudioKit (= 4.9.5)
  - Criollo (~> 0.5)
  - EmitterKit (~> 5.2)
  - KeychainSwift (~> 13.0)
  - ReSwift
  - Sentry (~> 4.1)
  - Sparkle
  - STPrivilegedTask (from `https://github.com/sveinbjornt/STPrivilegedTask.git`, commit `fdca677c77adb166a2be4c5ea9c7580a738c49c9`)
  - SwiftLint
  - SwiftyJSON (~> 4.2)
  - SwiftyUserDefaults (= 4.0)
  - WebViewJavascriptBridge (~> 6.0)
  - Zip (~> 1.1)

SPEC REPOS:
  https://github.com/CocoaPods/Specs.git:
    - Alamofire
    - AMCoreAudio
    - AudioKit
    - CocoaAsyncSocket
    - Criollo
    - EmitterKit
    - KeychainSwift
    - ReSwift
    - Sentry
    - Sparkle
    - SwiftLint
    - SwiftyJSON
    - SwiftyUserDefaults
    - WebViewJavascriptBridge
    - Zip

EXTERNAL SOURCES:
  STPrivilegedTask:
    :commit: fdca677c77adb166a2be4c5ea9c7580a738c49c9
    :git: https://github.com/sveinbjornt/STPrivilegedTask.git

CHECKOUT OPTIONS:
  STPrivilegedTask:
    :commit: fdca677c77adb166a2be4c5ea9c7580a738c49c9
    :git: https://github.com/sveinbjornt/STPrivilegedTask.git

SPEC CHECKSUMS:
  Alamofire: 9d5c5f602928e512395b30950c5984eca840093c
  AMCoreAudio: 6bf97d548d02ebb75b56c1cbf6b1f87bcfdeb748
  AudioKit: ccf4e39c89ed6e5cbbce5fef58d819db39446437
  CocoaAsyncSocket: 694058e7c0ed05a9e217d1b3c7ded962f4180845
  Criollo: 617173837c296ca4248b0b058f36ce9b91e5c25b
  EmitterKit: e7a27b37118823d8ad413b8396f75e40d59f8cba
  KeychainSwift: 23d6c16cbc33f20fafa30c3d783241b4b87d998c
  ReSwift: 628f1a9b3ee52e3b3ca2a644435472fd77afafe1
  Sentry: ab6c209f23700d1460691dbc90e19ed0a05d496b
  Sparkle: 55b1a87ba69d56913375a281546b7c82dec95bb0
  STPrivilegedTask: 56c3397238a1ec07720fb877a044898373cd2c68
  SwiftLint: 22ccbbe3b8008684be5955693bab135e0ed6a447
  SwiftyJSON: 6faa0040f8b59dead0ee07436cbf76b73c08fd08
  SwiftyUserDefaults: 6a1951df1daa19337862b677dd9a4b9bd4c288cd
  WebViewJavascriptBridge: 7f5bc4d3581e672e8f32bd0f812d54bc69bb8e29
  Zip: 8877eede3dda76bcac281225c20e71c25270774c

PODFILE CHECKSUM: 836a73136dad67ecb345dbd4aa7ad7b1bc4253e2

COCOAPODS: 1.9.1
