PODS:
  - AMCoreAudio (3.5)
  - EmitterKit (5.2.2)
  - KeychainSwift (13.0.0)
  - ReSwift (5.0.0)
  - Sentry (6.0.9):
    - Sentry/Core (= 6.0.9)
  - Sentry/Core (6.0.9)
  - Sparkle (1.24.0)
  - STPrivilegedTask (1.0.7)
  - SwiftHTTP (3.0.1)
  - SwiftLint (0.39.2)
  - SwiftyJSON (4.3.0)
  - SwiftyUserDefaults (4.0.0)
  - WebViewJavascriptBridge (6.0.3)
  - Zip (1.1.0)

DEPENDENCIES:
  - AMCoreAudio (from `https://github.com/bitgapp/AMCoreAudio.git`, commit `f02015b7dfbaeb9b5f70b658e860afe94f85df9c`)
  - EmitterKit (~> 5.2.2)
  - KeychainSwift (~> 13.0)
  - ReSwift
  - Sentry (~> 6.0)
  - Sparkle (~> 1.24)
  - STPrivilegedTask (from `https://github.com/sveinbjornt/STPrivilegedTask.git`, commit `fdca677c77adb166a2be4c5ea9c7580a738c49c9`)
  - SwiftHTTP (~> 3.0)
  - SwiftLint
  - SwiftyJSON (~> 4.2)
  - SwiftyUserDefaults (= 4.0)
  - WebViewJavascriptBridge (~> 6.0)
  - Zip (~> 1.1)

SPEC REPOS:
  https://github.com/CocoaPods/Specs.git:
    - EmitterKit
    - KeychainSwift
    - ReSwift
    - Sentry
    - Sparkle
    - SwiftHTTP
    - SwiftLint
    - SwiftyJSON
    - SwiftyUserDefaults
    - WebViewJavascriptBridge
    - Zip

EXTERNAL SOURCES:
  AMCoreAudio:
    :commit: f02015b7dfbaeb9b5f70b658e860afe94f85df9c
    :git: https://github.com/bitgapp/AMCoreAudio.git
  STPrivilegedTask:
    :commit: fdca677c77adb166a2be4c5ea9c7580a738c49c9
    :git: https://github.com/sveinbjornt/STPrivilegedTask.git

CHECKOUT OPTIONS:
  AMCoreAudio:
    :commit: f02015b7dfbaeb9b5f70b658e860afe94f85df9c
    :git: https://github.com/bitgapp/AMCoreAudio.git
  STPrivilegedTask:
    :commit: fdca677c77adb166a2be4c5ea9c7580a738c49c9
    :git: https://github.com/sveinbjornt/STPrivilegedTask.git

SPEC CHECKSUMS:
  AMCoreAudio: d7fc6672b56df2ade8e77d08f3247d18d59697e3
  EmitterKit: e7a27b37118823d8ad413b8396f75e40d59f8cba
  KeychainSwift: 23d6c16cbc33f20fafa30c3d783241b4b87d998c
  ReSwift: 628f1a9b3ee52e3b3ca2a644435472fd77afafe1
  Sentry: 388c9dc093b2fd3a264466a5c5b21e25959610a9
  Sparkle: 270cd27377bf04e9c128af06e3a22d0f572d6ee3
  STPrivilegedTask: 56c3397238a1ec07720fb877a044898373cd2c68
  SwiftHTTP: e94f1aa8cde58637dcc0100f6349de31a3337fde
  SwiftLint: 22ccbbe3b8008684be5955693bab135e0ed6a447
  SwiftyJSON: 6faa0040f8b59dead0ee07436cbf76b73c08fd08
  SwiftyUserDefaults: 6a1951df1daa19337862b677dd9a4b9bd4c288cd
  WebViewJavascriptBridge: 7f5bc4d3581e672e8f32bd0f812d54bc69bb8e29
  Zip: 8877eede3dda76bcac281225c20e71c25270774c

PODFILE CHECKSUM: cee823746742e10772f720624e2505a594a9dd6d

COCOAPODS: 1.9.3
