{
  "object": {
    "pins": [
      {
        "package": "Connectivity",
        "repositoryURL": "https://github.com/rwbutler/connectivity",
        "state": {
          "branch": null,
          "revision": "19f08ea4f25efe44cceea2ed5c52a0ca1bb567b5",
          "version": "5.0.1"
        }
      },
      {
        "package": "LaunchAtLogin",
        "repositoryURL": "https://github.com/bitgapp/LaunchAtLogin",
        "state": {
          "branch": null,
          "revision": "3f18355f492993c2fd5c571d97e524697d16d572",
          "version": "4.0.1"
        }
      },
      {
        "package": "swift-atomics",
        "repositoryURL": "https://github.com/apple/swift-atomics.git",
        "state": {
          "branch": null,
          "revision": "3e95ba32cd1b4c877f6163e8eea54afc4e63bf9f",
          "version": "0.0.3"
        }
      },
      {
        "package": "Version",
        "repositoryURL": "https://github.com/mxcl/Version",
        "state": {
          "branch": null,
          "revision": "1fe824b80d89201652e7eca7c9252269a1d85e25",
          "version": "2.0.1"
        }
      }
    ]
  },
  "version": 1
}
